// !$*UTF8*$!
{
	archiveVersion = 1;
	classes = {
	};
	objectVersion = 56;
	objects = {

/* Begin PBXBuildFile section */
		C5A7533A2B86BE5000C5707B /* P3_ViewsAndModifiers_2024App.swift in Sources */ = {isa = PBXBuildFile; fileRef = C5A753392B86BE5000C5707B /* P3_ViewsAndModifiers_2024App.swift */; };
		C5A7533C2B86BE5000C5707B /* ContentView.swift in Sources */ = {isa = PBXBuildFile; fileRef = C5A7533B2B86BE5000C5707B /* ContentView.swift */; };
		C5A7533E2B86BE5200C5707B /* Assets.xcassets in Resources */ = {isa = PBXBuildFile; fileRef = C5A7533D2B86BE5200C5707B /* Assets.xcassets */; };
		C5A753412B86BE5200C5707B /* Preview Assets.xcassets in Resources */ = {isa = PBXBuildFile; fileRef = C5A753402B86BE5200C5707B /* Preview Assets.xcassets */; };
		C5A7534B2B86C1C500C5707B /* ModifierOrderView.swift in Sources */ = {isa = PBXBuildFile; fileRef = C5A7534A2B86C1C500C5707B /* ModifierOrderView.swift */; };
		C5A7534D2B86C34700C5707B /* ConditionalModifiersView.swift in Sources */ = {isa = PBXBuildFile; fileRef = C5A7534C2B86C34700C5707B /* ConditionalModifiersView.swift */; };
		C5A7534F2B86C3F600C5707B /* EnvironmentModifiersView.swift in Sources */ = {isa = PBXBuildFile; fileRef = C5A7534E2B86C3F600C5707B /* EnvironmentModifiersView.swift */; };
		C5A753512B86C4ED00C5707B /* ViewsAsPropertiesView.swift in Sources */ = {isa = PBXBuildFile; fileRef = C5A753502B86C4ED00C5707B /* ViewsAsPropertiesView.swift */; };
		C5A753532B86C7E100C5707B /* ViewCompositionView.swift in Sources */ = {isa = PBXBuildFile; fileRef = C5A753522B86C7E100C5707B /* ViewCompositionView.swift */; };
		C5A753552B86C87D00C5707B /* CustomModifiersView.swift in Sources */ = {isa = PBXBuildFile; fileRef = C5A753542B86C87D00C5707B /* CustomModifiersView.swift */; };
		C5A753572B86C9AE00C5707B /* CustomContainersView.swift in Sources */ = {isa = PBXBuildFile; fileRef = C5A753562B86C9AE00C5707B /* CustomContainersView.swift */; };
/* End PBXBuildFile section */

/* Begin PBXFileReference section */
		C5A753362B86BE5000C5707B /* P3_ViewsAndModifiers_2024.app */ = {isa = PBXFileReference; explicitFileType = wrapper.application; includeInIndex = 0; path = P3_ViewsAndModifiers_2024.app; sourceTree = BUILT_PRODUCTS_DIR; };
		C5A753392B86BE5000C5707B /* P3_ViewsAndModifiers_2024App.swift */ = {isa = PBXFileReference; lastKnownFileType = sourcecode.swift; path = P3_ViewsAndModifiers_2024App.swift; sourceTree = "<group>"; };
		C5A7533B2B86BE5000C5707B /* ContentView.swift */ = {isa = PBXFileReference; lastKnownFileType = sourcecode.swift; path = ContentView.swift; sourceTree = "<group>"; };
		C5A7533D2B86BE5200C5707B /* Assets.xcassets */ = {isa = PBXFileReference; lastKnownFileType = folder.assetcatalog; path = Assets.xcassets; sourceTree = "<group>"; };
		C5A753402B86BE5200C5707B /* Preview Assets.xcassets */ = {isa = PBXFileReference; lastKnownFileType = folder.assetcatalog; path = "Preview Assets.xcassets"; sourceTree = "<group>"; };
		C5A7534A2B86C1C500C5707B /* ModifierOrderView.swift */ = {isa = PBXFileReference; lastKnownFileType = sourcecode.swift; path = ModifierOrderView.swift; sourceTree = "<group>"; };
		C5A7534C2B86C34700C5707B /* ConditionalModifiersView.swift */ = {isa = PBXFileReference; lastKnownFileType = sourcecode.swift; path = ConditionalModifiersView.swift; sourceTree = "<group>"; };
		C5A7534E2B86C3F600C5707B /* EnvironmentModifiersView.swift */ = {isa = PBXFileReference; lastKnownFileType = sourcecode.swift; path = EnvironmentModifiersView.swift; sourceTree = "<group>"; };
		C5A753502B86C4ED00C5707B /* ViewsAsPropertiesView.swift */ = {isa = PBXFileReference; lastKnownFileType = sourcecode.swift; path = ViewsAsPropertiesView.swift; sourceTree = "<group>"; };
		C5A753522B86C7E100C5707B /* ViewCompositionView.swift */ = {isa = PBXFileReference; lastKnownFileType = sourcecode.swift; path = ViewCompositionView.swift; sourceTree = "<group>"; };
		C5A753542B86C87D00C5707B /* CustomModifiersView.swift */ = {isa = PBXFileReference; lastKnownFileType = sourcecode.swift; path = CustomModifiersView.swift; sourceTree = "<group>"; };
		C5A753562B86C9AE00C5707B /* CustomContainersView.swift */ = {isa = PBXFileReference; lastKnownFileType = sourcecode.swift; path = CustomContainersView.swift; sourceTree = "<group>"; };
/* End PBXFileReference section */

/* Begin PBXFrameworksBuildPhase section */
		C5A753332B86BE5000C5707B /* Frameworks */ = {
			isa = PBXFrameworksBuildPhase;
			buildActionMask = 2147483647;
			files = (
			);
			runOnlyForDeploymentPostprocessing = 0;
		};
/* End PBXFrameworksBuildPhase section */

/* Begin PBXGroup section */
		C5A7532D2B86BE5000C5707B = {
			isa = PBXGroup;
			children = (
				C5A753382B86BE5000C5707B /* P3_ViewsAndModifiers_2024 */,
				C5A753372B86BE5000C5707B /* Products */,
			);
			sourceTree = "<group>";
		};
		C5A753372B86BE5000C5707B /* Products */ = {
			isa = PBXGroup;
			children = (
				C5A753362B86BE5000C5707B /* P3_ViewsAndModifiers_2024.app */,
			);
			name = Products;
			sourceTree = "<group>";
		};
		C5A753382B86BE5000C5707B /* P3_ViewsAndModifiers_2024 */ = {
			isa = PBXGroup;
			children = (
				C5A753472B86C19A00C5707B /* Practice */,
				C5A753392B86BE5000C5707B /* P3_ViewsAndModifiers_2024App.swift */,
				C5A7533B2B86BE5000C5707B /* ContentView.swift */,
				C5A7533D2B86BE5200C5707B /* Assets.xcassets */,
				C5A7533F2B86BE5200C5707B /* Preview Content */,
			);
			path = P3_ViewsAndModifiers_2024;
			sourceTree = "<group>";
		};
		C5A7533F2B86BE5200C5707B /* Preview Content */ = {
			isa = PBXGroup;
			children = (
				C5A753402B86BE5200C5707B /* Preview Assets.xcassets */,
			);
			path = "Preview Content";
			sourceTree = "<group>";
		};
		C5A753472B86C19A00C5707B /* Practice */ = {
			isa = PBXGroup;
			children = (
				C5A7534A2B86C1C500C5707B /* ModifierOrderView.swift */,
				C5A7534C2B86C34700C5707B /* ConditionalModifiersView.swift */,
				C5A7534E2B86C3F600C5707B /* EnvironmentModifiersView.swift */,
				C5A753502B86C4ED00C5707B /* ViewsAsPropertiesView.swift */,
				C5A753522B86C7E100C5707B /* ViewCompositionView.swift */,
				C5A753542B86C87D00C5707B /* CustomModifiersView.swift */,
				C5A753562B86C9AE00C5707B /* CustomContainersView.swift */,
			);
			path = Practice;
			sourceTree = "<group>";
		};
/* End PBXGroup section */

/* Begin PBXNativeTarget section */
		C5A753352B86BE5000C5707B /* P3_ViewsAndModifiers_2024 */ = {
			isa = PBXNativeTarget;
			buildConfigurationList = C5A753442B86BE5200C5707B /* Build configuration list for PBXNativeTarget "P3_ViewsAndModifiers_2024" */;
			buildPhases = (
				C5A753322B86BE5000C5707B /* Sources */,
				C5A753332B86BE5000C5707B /* Frameworks */,
				C5A753342B86BE5000C5707B /* Resources */,
			);
			buildRules = (
			);
			dependencies = (
			);
			name = P3_ViewsAndModifiers_2024;
			productName = P3_ViewsAndModifiers_2024;
			productReference = C5A753362B86BE5000C5707B /* P3_ViewsAndModifiers_2024.app */;
			productType = "com.apple.product-type.application";
		};
/* End PBXNativeTarget section */

/* Begin PBXProject section */
		C5A7532E2B86BE5000C5707B /* Project object */ = {
			isa = PBXProject;
			attributes = {
				BuildIndependentTargetsInParallel = 1;
				LastSwiftUpdateCheck = 1520;
				LastUpgradeCheck = 1520;
				TargetAttributes = {
					C5A753352B86BE5000C5707B = {
						CreatedOnToolsVersion = 15.2;
					};
				};
			};
			buildConfigurationList = C5A753312B86BE5000C5707B /* Build configuration list for PBXProject "P3_ViewsAndModifiers_2024" */;
			compatibilityVersion = "Xcode 14.0";
			developmentRegion = en;
			hasScannedForEncodings = 0;
			knownRegions = (
				en,
				Base,
			);
			mainGroup = C5A7532D2B86BE5000C5707B;
			productRefGroup = C5A753372B86BE5000C5707B /* Products */;
			projectDirPath = "";
			projectRoot = "";
			targets = (
				C5A753352B86BE5000C5707B /* P3_ViewsAndModifiers_2024 */,
			);
		};
/* End PBXProject section */

/* Begin PBXResourcesBuildPhase section */
		C5A753342B86BE5000C5707B /* Resources */ = {
			isa = PBXResourcesBuildPhase;
			buildActionMask = 2147483647;
			files = (
				C5A753412B86BE5200C5707B /* Preview Assets.xcassets in Resources */,
				C5A7533E2B86BE5200C5707B /* Assets.xcassets in Resources */,
			);
			runOnlyForDeploymentPostprocessing = 0;
		};
/* End PBXResourcesBuildPhase section */

/* Begin PBXSourcesBuildPhase section */
		C5A753322B86BE5000C5707B /* Sources */ = {
			isa = PBXSourcesBuildPhase;
			buildActionMask = 2147483647;
			files = (
				C5A753532B86C7E100C5707B /* ViewCompositionView.swift in Sources */,
				C5A753512B86C4ED00C5707B /* ViewsAsPropertiesView.swift in Sources */,
				C5A7533C2B86BE5000C5707B /* ContentView.swift in Sources */,
				C5A7533A2B86BE5000C5707B /* P3_ViewsAndModifiers_2024App.swift in Sources */,
				C5A753552B86C87D00C5707B /* CustomModifiersView.swift in Sources */,
				C5A7534F2B86C3F600C5707B /* EnvironmentModifiersView.swift in Sources */,
				C5A753572B86C9AE00C5707B /* CustomContainersView.swift in Sources */,
				C5A7534D2B86C34700C5707B /* ConditionalModifiersView.swift in Sources */,
				C5A7534B2B86C1C500C5707B /* ModifierOrderView.swift in Sources */,
			);
			runOnlyForDeploymentPostprocessing = 0;
		};
/* End PBXSourcesBuildPhase section */

/* Begin XCBuildConfiguration section */
		C5A753422B86BE5200C5707B /* Debug */ = {
			isa = XCBuildConfiguration;
			buildSettings = {
				ALWAYS_SEARCH_USER_PATHS = NO;
				ASSETCATALOG_COMPILER_GENERATE_SWIFT_ASSET_SYMBOL_EXTENSIONS = YES;
				CLANG_ANALYZER_NONNULL = YES;
				CLANG_ANALYZER_NUMBER_OBJECT_CONVERSION = YES_AGGRESSIVE;
				CLANG_CXX_LANGUAGE_STANDARD = "gnu++20";
				CLANG_ENABLE_MODULES = YES;
				CLANG_ENABLE_OBJC_ARC = YES;
				CLANG_ENABLE_OBJC_WEAK = YES;
				CLANG_WARN_BLOCK_CAPTURE_AUTORELEASING = YES;
				CLANG_WARN_BOOL_CONVERSION = YES;
				CLANG_WARN_COMMA = YES;
				CLANG_WARN_CONSTANT_CONVERSION = YES;
				CLANG_WARN_DEPRECATED_OBJC_IMPLEMENTATIONS = YES;
				CLANG_WARN_DIRECT_OBJC_ISA_USAGE = YES_ERROR;
				CLANG_WARN_DOCUMENTATION_COMMENTS = YES;
				CLANG_WARN_EMPTY_BODY = YES;
				CLANG_WARN_ENUM_CONVERSION = YES;
				CLANG_WARN_INFINITE_RECURSION = YES;
				CLANG_WARN_INT_CONVERSION = YES;
				CLANG_WARN_NON_LITERAL_NULL_CONVERSION = YES;
				CLANG_WARN_OBJC_IMPLICIT_RETAIN_SELF = YES;
				CLANG_WARN_OBJC_LITERAL_CONVERSION = YES;
				CLANG_WARN_OBJC_ROOT_CLASS = YES_ERROR;
				CLANG_WARN_QUOTED_INCLUDE_IN_FRAMEWORK_HEADER = YES;
				CLANG_WARN_RANGE_LOOP_ANALYSIS = YES;
				CLANG_WARN_STRICT_PROTOTYPES = YES;
				CLANG_WARN_SUSPICIOUS_MOVE = YES;
				CLANG_WARN_UNGUARDED_AVAILABILITY = YES_AGGRESSIVE;
				CLANG_WARN_UNREACHABLE_CODE = YES;
				CLANG_WARN__DUPLICATE_METHOD_MATCH = YES;
				COPY_PHASE_STRIP = NO;
				DEBUG_INFORMATION_FORMAT = dwarf;
				ENABLE_STRICT_OBJC_MSGSEND = YES;
				ENABLE_TESTABILITY = YES;
				ENABLE_USER_SCRIPT_SANDBOXING = YES;
				GCC_C_LANGUAGE_STANDARD = gnu17;
				GCC_DYNAMIC_NO_PIC = NO;
				GCC_NO_COMMON_BLOCKS = YES;
				GCC_OPTIMIZATION_LEVEL = 0;
				GCC_PREPROCESSOR_DEFINITIONS = (
					"DEBUG=1",
					"$(inherited)",
				);
				GCC_WARN_64_TO_32_BIT_CONVERSION = YES;
				GCC_WARN_ABOUT_RETURN_TYPE = YES_ERROR;
				GCC_WARN_UNDECLARED_SELECTOR = YES;
				GCC_WARN_UNINITIALIZED_AUTOS = YES_AGGRESSIVE;
				GCC_WARN_UNUSED_FUNCTION = YES;
				GCC_WARN_UNUSED_VARIABLE = YES;
				IPHONEOS_DEPLOYMENT_TARGET = 17.2;
				LOCALIZATION_PREFERS_STRING_CATALOGS = YES;
				MTL_ENABLE_DEBUG_INFO = INCLUDE_SOURCE;
				MTL_FAST_MATH = YES;
				ONLY_ACTIVE_ARCH = YES;
				SDKROOT = iphoneos;
				SWIFT_ACTIVE_COMPILATION_CONDITIONS = "DEBUG $(inherited)";
				SWIFT_OPTIMIZATION_LEVEL = "-Onone";
			};
			name = Debug;
		};
		C5A753432B86BE5200C5707B /* Release */ = {
			isa = XCBuildConfiguration;
			buildSettings = {
				ALWAYS_SEARCH_USER_PATHS = NO;
				ASSETCATALOG_COMPILER_GENERATE_SWIFT_ASSET_SYMBOL_EXTENSIONS = YES;
				CLANG_ANALYZER_NONNULL = YES;
				CLANG_ANALYZER_NUMBER_OBJECT_CONVERSION = YES_AGGRESSIVE;
				CLANG_CXX_LANGUAGE_STANDARD = "gnu++20";
				CLANG_ENABLE_MODULES = YES;
				CLANG_ENABLE_OBJC_ARC = YES;
				CLANG_ENABLE_OBJC_WEAK = YES;
				CLANG_WARN_BLOCK_CAPTURE_AUTORELEASING = YES;
				CLANG_WARN_BOOL_CONVERSION = YES;
				CLANG_WARN_COMMA = YES;
				CLANG_WARN_CONSTANT_CONVERSION = YES;
				CLANG_WARN_DEPRECATED_OBJC_IMPLEMENTATIONS = YES;
				CLANG_WARN_DIRECT_OBJC_ISA_USAGE = YES_ERROR;
				CLANG_WARN_DOCUMENTATION_COMMENTS = YES;
				CLANG_WARN_EMPTY_BODY = YES;
				CLANG_WARN_ENUM_CONVERSION = YES;
				CLANG_WARN_INFINITE_RECURSION = YES;
				CLANG_WARN_INT_CONVERSION = YES;
				CLANG_WARN_NON_LITERAL_NULL_CONVERSION = YES;
				CLANG_WARN_OBJC_IMPLICIT_RETAIN_SELF = YES;
				CLANG_WARN_OBJC_LITERAL_CONVERSION = YES;
				CLANG_WARN_OBJC_ROOT_CLASS = YES_ERROR;
				CLANG_WARN_QUOTED_INCLUDE_IN_FRAMEWORK_HEADER = YES;
				CLANG_WARN_RANGE_LOOP_ANALYSIS = YES;
				CLANG_WARN_STRICT_PROTOTYPES = YES;
				CLANG_WARN_SUSPICIOUS_MOVE = YES;
				CLANG_WARN_UNGUARDED_AVAILABILITY = YES_AGGRESSIVE;
				CLANG_WARN_UNREACHABLE_CODE = YES;
				CLANG_WARN__DUPLICATE_METHOD_MATCH = YES;
				COPY_PHASE_STRIP = NO;
				DEBUG_INFORMATION_FORMAT = "dwarf-with-dsym";
				ENABLE_NS_ASSERTIONS = NO;
				ENABLE_STRICT_OBJC_MSGSEND = YES;
				ENABLE_USER_SCRIPT_SANDBOXING = YES;
				GCC_C_LANGUAGE_STANDARD = gnu17;
				GCC_NO_COMMON_BLOCKS = YES;
				GCC_WARN_64_TO_32_BIT_CONVERSION = YES;
				GCC_WARN_ABOUT_RETURN_TYPE = YES_ERROR;
				GCC_WARN_UNDECLARED_SELECTOR = YES;
				GCC_WARN_UNINITIALIZED_AUTOS = YES_AGGRESSIVE;
				GCC_WARN_UNUSED_FUNCTION = YES;
				GCC_WARN_UNUSED_VARIABLE = YES;
				IPHONEOS_DEPLOYMENT_TARGET = 17.2;
				LOCALIZATION_PREFERS_STRING_CATALOGS = YES;
				MTL_ENABLE_DEBUG_INFO = NO;
				MTL_FAST_MATH = YES;
				SDKROOT = iphoneos;
				SWIFT_COMPILATION_MODE = wholemodule;
				VALIDATE_PRODUCT = YES;
			};
			name = Release;
		};
		C5A753452B86BE5200C5707B /* Debug */ = {
			isa = XCBuildConfiguration;
			buildSettings = {
				ASSETCATALOG_COMPILER_APPICON_NAME = AppIcon;
				ASSETCATALOG_COMPILER_GLOBAL_ACCENT_COLOR_NAME = AccentColor;
				CODE_SIGN_STYLE = Automatic;
				CURRENT_PROJECT_VERSION = 1;
				DEVELOPMENT_ASSET_PATHS = "\"P3_ViewsAndModifiers_2024/Preview Content\"";
				DEVELOPMENT_TEAM = KZWJGZQGWZ;
				ENABLE_PREVIEWS = YES;
				GENERATE_INFOPLIST_FILE = YES;
				INFOPLIST_KEY_UIApplicationSceneManifest_Generation = YES;
				INFOPLIST_KEY_UIApplicationSupportsIndirectInputEvents = YES;
				INFOPLIST_KEY_UILaunchScreen_Generation = YES;
				INFOPLIST_KEY_UISupportedInterfaceOrientations_iPad = "UIInterfaceOrientationPortrait UIInterfaceOrientationPortraitUpsideDown UIInterfaceOrientationLandscapeLeft UIInterfaceOrientationLandscapeRight";
				INFOPLIST_KEY_UISupportedInterfaceOrientations_iPhone = "UIInterfaceOrientationPortrait UIInterfaceOrientationLandscapeLeft UIInterfaceOrientationLandscapeRight";
				LD_RUNPATH_SEARCH_PATHS = (
					"$(inherited)",
					"@executable_path/Frameworks",
				);
				MARKETING_VERSION = 1.0;
				PRODUCT_BUNDLE_IDENTIFIER = "TyVaughan.P3-ViewsAndModifiers-2024";
				PRODUCT_NAME = "$(TARGET_NAME)";
				SWIFT_EMIT_LOC_STRINGS = YES;
				SWIFT_VERSION = 5.0;
				TARGETED_DEVICE_FAMILY = "1,2";
			};
			name = Debug;
		};
		C5A753462B86BE5200C5707B /* Release */ = {
			isa = XCBuildConfiguration;
			buildSettings = {
				ASSETCATALOG_COMPILER_APPICON_NAME = AppIcon;
				ASSETCATALOG_COMPILER_GLOBAL_ACCENT_COLOR_NAME = AccentColor;
				CODE_SIGN_STYLE = Automatic;
				CURRENT_PROJECT_VERSION = 1;
				DEVELOPMENT_ASSET_PATHS = "\"P3_ViewsAndModifiers_2024/Preview Content\"";
				DEVELOPMENT_TEAM = KZWJGZQGWZ;
				ENABLE_PREVIEWS = YES;
				GENERATE_INFOPLIST_FILE = YES;
				INFOPLIST_KEY_UIApplicationSceneManifest_Generation = YES;
				INFOPLIST_KEY_UIApplicationSupportsIndirectInputEvents = YES;
				INFOPLIST_KEY_UILaunchScreen_Generation = YES;
				INFOPLIST_KEY_UISupportedInterfaceOrientations_iPad = "UIInterfaceOrientationPortrait UIInterfaceOrientationPortraitUpsideDown UIInterfaceOrientationLandscapeLeft UIInterfaceOrientationLandscapeRight";
				INFOPLIST_KEY_UISupportedInterfaceOrientations_iPhone = "UIInterfaceOrientationPortrait UIInterfaceOrientationLandscapeLeft UIInterfaceOrientationLandscapeRight";
				LD_RUNPATH_SEARCH_PATHS = (
					"$(inherited)",
					"@executable_path/Frameworks",
				);
				MARKETING_VERSION = 1.0;
				PRODUCT_BUNDLE_IDENTIFIER = "TyVaughan.P3-ViewsAndModifiers-2024";
				PRODUCT_NAME = "$(TARGET_NAME)";
				SWIFT_EMIT_LOC_STRINGS = YES;
				SWIFT_VERSION = 5.0;
				TARGETED_DEVICE_FAMILY = "1,2";
			};
			name = Release;
		};
/* End XCBuildConfiguration section */

/* Begin XCConfigurationList section */
		C5A753312B86BE5000C5707B /* Build configuration list for PBXProject "P3_ViewsAndModifiers_2024" */ = {
			isa = XCConfigurationList;
			buildConfigurations = (
				C5A753422B86BE5200C5707B /* Debug */,
				C5A753432B86BE5200C5707B /* Release */,
			);
			defaultConfigurationIsVisible = 0;
			defaultConfigurationName = Release;
		};
		C5A753442B86BE5200C5707B /* Build configuration list for PBXNativeTarget "P3_ViewsAndModifiers_2024" */ = {
			isa = XCConfigurationList;
			buildConfigurations = (
				C5A753452B86BE5200C5707B /* Debug */,
				C5A753462B86BE5200C5707B /* Release */,
			);
			defaultConfigurationIsVisible = 0;
			defaultConfigurationName = Release;
		};
/* End XCConfigurationList section */
	};
	rootObject = C5A7532E2B86BE5000C5707B /* Project object */;
}
