// !$*UTF8*$!
{
	archiveVersion = 1;
	classes = {
	};
	objectVersion = 56;
	objects = {

/* Begin PBXBuildFile section */
		C5CFF0E12A2571F000E72ACB /* WeSplitApp.swift in Sources */ = {isa = PBXBuildFile; fileRef = C5CFF0E02A2571F000E72ACB /* WeSplitApp.swift */; };
		C5CFF0E32A2571F000E72ACB /* ContentView.swift in Sources */ = {isa = PBXBuildFile; fileRef = C5CFF0E22A2571F000E72ACB /* ContentView.swift */; };
		C5CFF0E52A2571F100E72ACB /* Assets.xcassets in Resources */ = {isa = PBXBuildFile; fileRef = C5CFF0E42A2571F100E72ACB /* Assets.xcassets */; };
		C5CFF0E92A2571F100E72ACB /* Preview Assets.xcassets in Resources */ = {isa = PBXBuildFile; fileRef = C5CFF0E82A2571F100E72ACB /* Preview Assets.xcassets */; };
		C5CFF0F32A2571F100E72ACB /* WeSplitTests.swift in Sources */ = {isa = PBXBuildFile; fileRef = C5CFF0F22A2571F100E72ACB /* WeSplitTests.swift */; };
		C5CFF0FD2A2571F100E72ACB /* WeSplitUITests.swift in Sources */ = {isa = PBXBuildFile; fileRef = C5CFF0FC2A2571F100E72ACB /* WeSplitUITests.swift */; };
		C5CFF0FF2A2571F100E72ACB /* WeSplitUITestsLaunchTests.swift in Sources */ = {isa = PBXBuildFile; fileRef = C5CFF0FE2A2571F100E72ACB /* WeSplitUITestsLaunchTests.swift */; };
		C5D752552A26204A00EE801C /* Day16.swift in Sources */ = {isa = PBXBuildFile; fileRef = C5D752542A26204A00EE801C /* Day16.swift */; };
		C5D752562A26210600EE801C /* Day16.swift in Sources */ = {isa = PBXBuildFile; fileRef = C5D752542A26204A00EE801C /* Day16.swift */; };
		C5D752572A26210600EE801C /* Day16.swift in Sources */ = {isa = PBXBuildFile; fileRef = C5D752542A26204A00EE801C /* Day16.swift */; };
		C5D7525B2A26283400EE801C /* View+Extensions.swift in Sources */ = {isa = PBXBuildFile; fileRef = C5D7525A2A26283400EE801C /* View+Extensions.swift */; };
		C5D7525C2A26283400EE801C /* View+Extensions.swift in Sources */ = {isa = PBXBuildFile; fileRef = C5D7525A2A26283400EE801C /* View+Extensions.swift */; };
		C5D7525D2A26283400EE801C /* View+Extensions.swift in Sources */ = {isa = PBXBuildFile; fileRef = C5D7525A2A26283400EE801C /* View+Extensions.swift */; };
/* End PBXBuildFile section */

/* Begin PBXContainerItemProxy section */
		C5CFF0EF2A2571F100E72ACB /* PBXContainerItemProxy */ = {
			isa = PBXContainerItemProxy;
			containerPortal = C5CFF0D52A2571F000E72ACB /* Project object */;
			proxyType = 1;
			remoteGlobalIDString = C5CFF0DC2A2571F000E72ACB;
			remoteInfo = WeSplit;
		};
		C5CFF0F92A2571F100E72ACB /* PBXContainerItemProxy */ = {
			isa = PBXContainerItemProxy;
			containerPortal = C5CFF0D52A2571F000E72ACB /* Project object */;
			proxyType = 1;
			remoteGlobalIDString = C5CFF0DC2A2571F000E72ACB;
			remoteInfo = WeSplit;
		};
/* End PBXContainerItemProxy section */

/* Begin PBXFileReference section */
		C5CFF0DD2A2571F000E72ACB /* WeSplit.app */ = {isa = PBXFileReference; explicitFileType = wrapper.application; includeInIndex = 0; path = WeSplit.app; sourceTree = BUILT_PRODUCTS_DIR; };
		C5CFF0E02A2571F000E72ACB /* WeSplitApp.swift */ = {isa = PBXFileReference; lastKnownFileType = sourcecode.swift; path = WeSplitApp.swift; sourceTree = "<group>"; };
		C5CFF0E22A2571F000E72ACB /* ContentView.swift */ = {isa = PBXFileReference; lastKnownFileType = sourcecode.swift; path = ContentView.swift; sourceTree = "<group>"; };
		C5CFF0E42A2571F100E72ACB /* Assets.xcassets */ = {isa = PBXFileReference; lastKnownFileType = folder.assetcatalog; path = Assets.xcassets; sourceTree = "<group>"; };
		C5CFF0E62A2571F100E72ACB /* WeSplit.entitlements */ = {isa = PBXFileReference; lastKnownFileType = text.plist.entitlements; path = WeSplit.entitlements; sourceTree = "<group>"; };
		C5CFF0E82A2571F100E72ACB /* Preview Assets.xcassets */ = {isa = PBXFileReference; lastKnownFileType = folder.assetcatalog; path = "Preview Assets.xcassets"; sourceTree = "<group>"; };
		C5CFF0EE2A2571F100E72ACB /* WeSplitTests.xctest */ = {isa = PBXFileReference; explicitFileType = wrapper.cfbundle; includeInIndex = 0; path = WeSplitTests.xctest; sourceTree = BUILT_PRODUCTS_DIR; };
		C5CFF0F22A2571F100E72ACB /* WeSplitTests.swift */ = {isa = PBXFileReference; lastKnownFileType = sourcecode.swift; path = WeSplitTests.swift; sourceTree = "<group>"; };
		C5CFF0F82A2571F100E72ACB /* WeSplitUITests.xctest */ = {isa = PBXFileReference; explicitFileType = wrapper.cfbundle; includeInIndex = 0; path = WeSplitUITests.xctest; sourceTree = BUILT_PRODUCTS_DIR; };
		C5CFF0FC2A2571F100E72ACB /* WeSplitUITests.swift */ = {isa = PBXFileReference; lastKnownFileType = sourcecode.swift; path = WeSplitUITests.swift; sourceTree = "<group>"; };
		C5CFF0FE2A2571F100E72ACB /* WeSplitUITestsLaunchTests.swift */ = {isa = PBXFileReference; lastKnownFileType = sourcecode.swift; path = WeSplitUITestsLaunchTests.swift; sourceTree = "<group>"; };
		C5D752542A26204A00EE801C /* Day16.swift */ = {isa = PBXFileReference; lastKnownFileType = sourcecode.swift; path = Day16.swift; sourceTree = "<group>"; };
		C5D7525A2A26283400EE801C /* View+Extensions.swift */ = {isa = PBXFileReference; lastKnownFileType = sourcecode.swift; path = "View+Extensions.swift"; sourceTree = "<group>"; };
/* End PBXFileReference section */

/* Begin PBXFrameworksBuildPhase section */
		C5CFF0DA2A2571F000E72ACB /* Frameworks */ = {
			isa = PBXFrameworksBuildPhase;
			buildActionMask = 2147483647;
			files = (
			);
			runOnlyForDeploymentPostprocessing = 0;
		};
		C5CFF0EB2A2571F100E72ACB /* Frameworks */ = {
			isa = PBXFrameworksBuildPhase;
			buildActionMask = 2147483647;
			files = (
			);
			runOnlyForDeploymentPostprocessing = 0;
		};
		C5CFF0F52A2571F100E72ACB /* Frameworks */ = {
			isa = PBXFrameworksBuildPhase;
			buildActionMask = 2147483647;
			files = (
			);
			runOnlyForDeploymentPostprocessing = 0;
		};
/* End PBXFrameworksBuildPhase section */

/* Begin PBXGroup section */
		C5CFF0D42A2571F000E72ACB = {
			isa = PBXGroup;
			children = (
				C5CFF0DF2A2571F000E72ACB /* WeSplit */,
				C5CFF0F12A2571F100E72ACB /* WeSplitTests */,
				C5CFF0FB2A2571F100E72ACB /* WeSplitUITests */,
				C5CFF0DE2A2571F000E72ACB /* Products */,
			);
			sourceTree = "<group>";
		};
		C5CFF0DE2A2571F000E72ACB /* Products */ = {
			isa = PBXGroup;
			children = (
				C5CFF0DD2A2571F000E72ACB /* WeSplit.app */,
				C5CFF0EE2A2571F100E72ACB /* WeSplitTests.xctest */,
				C5CFF0F82A2571F100E72ACB /* WeSplitUITests.xctest */,
			);
			name = Products;
			sourceTree = "<group>";
		};
		C5CFF0DF2A2571F000E72ACB /* WeSplit */ = {
			isa = PBXGroup;
			children = (
				C5D752582A2627B000EE801C /* Shared */,
				C5D752532A26202400EE801C /* Practice */,
				C5CFF0E02A2571F000E72ACB /* WeSplitApp.swift */,
				C5CFF0E22A2571F000E72ACB /* ContentView.swift */,
				C5CFF0E42A2571F100E72ACB /* Assets.xcassets */,
				C5CFF0E62A2571F100E72ACB /* WeSplit.entitlements */,
				C5CFF0E72A2571F100E72ACB /* Preview Content */,
			);
			path = WeSplit;
			sourceTree = "<group>";
		};
		C5CFF0E72A2571F100E72ACB /* Preview Content */ = {
			isa = PBXGroup;
			children = (
				C5CFF0E82A2571F100E72ACB /* Preview Assets.xcassets */,
			);
			path = "Preview Content";
			sourceTree = "<group>";
		};
		C5CFF0F12A2571F100E72ACB /* WeSplitTests */ = {
			isa = PBXGroup;
			children = (
				C5CFF0F22A2571F100E72ACB /* WeSplitTests.swift */,
			);
			path = WeSplitTests;
			sourceTree = "<group>";
		};
		C5CFF0FB2A2571F100E72ACB /* WeSplitUITests */ = {
			isa = PBXGroup;
			children = (
				C5CFF0FC2A2571F100E72ACB /* WeSplitUITests.swift */,
				C5CFF0FE2A2571F100E72ACB /* WeSplitUITestsLaunchTests.swift */,
			);
			path = WeSplitUITests;
			sourceTree = "<group>";
		};
		C5D752532A26202400EE801C /* Practice */ = {
			isa = PBXGroup;
			children = (
				C5D752542A26204A00EE801C /* Day16.swift */,
			);
			path = Practice;
			sourceTree = "<group>";
		};
		C5D752582A2627B000EE801C /* Shared */ = {
			isa = PBXGroup;
			children = (
				C5D752592A2627B700EE801C /* Extensions */,
			);
			path = Shared;
			sourceTree = "<group>";
		};
		C5D752592A2627B700EE801C /* Extensions */ = {
			isa = PBXGroup;
			children = (
				C5D7525A2A26283400EE801C /* View+Extensions.swift */,
			);
			path = Extensions;
			sourceTree = "<group>";
		};
/* End PBXGroup section */

/* Begin PBXNativeTarget section */
		C5CFF0DC2A2571F000E72ACB /* WeSplit */ = {
			isa = PBXNativeTarget;
			buildConfigurationList = C5CFF1022A2571F100E72ACB /* Build configuration list for PBXNativeTarget "WeSplit" */;
			buildPhases = (
				C5CFF0D92A2571F000E72ACB /* Sources */,
				C5CFF0DA2A2571F000E72ACB /* Frameworks */,
				C5CFF0DB2A2571F000E72ACB /* Resources */,
			);
			buildRules = (
			);
			dependencies = (
			);
			name = WeSplit;
			productName = WeSplit;
			productReference = C5CFF0DD2A2571F000E72ACB /* WeSplit.app */;
			productType = "com.apple.product-type.application";
		};
		C5CFF0ED2A2571F100E72ACB /* WeSplitTests */ = {
			isa = PBXNativeTarget;
			buildConfigurationList = C5CFF1052A2571F100E72ACB /* Build configuration list for PBXNativeTarget "WeSplitTests" */;
			buildPhases = (
				C5CFF0EA2A2571F100E72ACB /* Sources */,
				C5CFF0EB2A2571F100E72ACB /* Frameworks */,
				C5CFF0EC2A2571F100E72ACB /* Resources */,
			);
			buildRules = (
			);
			dependencies = (
				C5CFF0F02A2571F100E72ACB /* PBXTargetDependency */,
			);
			name = WeSplitTests;
			productName = WeSplitTests;
			productReference = C5CFF0EE2A2571F100E72ACB /* WeSplitTests.xctest */;
			productType = "com.apple.product-type.bundle.unit-test";
		};
		C5CFF0F72A2571F100E72ACB /* WeSplitUITests */ = {
			isa = PBXNativeTarget;
			buildConfigurationList = C5CFF1082A2571F100E72ACB /* Build configuration list for PBXNativeTarget "WeSplitUITests" */;
			buildPhases = (
				C5CFF0F42A2571F100E72ACB /* Sources */,
				C5CFF0F52A2571F100E72ACB /* Frameworks */,
				C5CFF0F62A2571F100E72ACB /* Resources */,
			);
			buildRules = (
			);
			dependencies = (
				C5CFF0FA2A2571F100E72ACB /* PBXTargetDependency */,
			);
			name = WeSplitUITests;
			productName = WeSplitUITests;
			productReference = C5CFF0F82A2571F100E72ACB /* WeSplitUITests.xctest */;
			productType = "com.apple.product-type.bundle.ui-testing";
		};
/* End PBXNativeTarget section */

/* Begin PBXProject section */
		C5CFF0D52A2571F000E72ACB /* Project object */ = {
			isa = PBXProject;
			attributes = {
				BuildIndependentTargetsInParallel = 1;
				LastSwiftUpdateCheck = 1430;
				LastUpgradeCheck = 1430;
				TargetAttributes = {
					C5CFF0DC2A2571F000E72ACB = {
						CreatedOnToolsVersion = 14.3;
					};
					C5CFF0ED2A2571F100E72ACB = {
						CreatedOnToolsVersion = 14.3;
						TestTargetID = C5CFF0DC2A2571F000E72ACB;
					};
					C5CFF0F72A2571F100E72ACB = {
						CreatedOnToolsVersion = 14.3;
						TestTargetID = C5CFF0DC2A2571F000E72ACB;
					};
				};
			};
			buildConfigurationList = C5CFF0D82A2571F000E72ACB /* Build configuration list for PBXProject "P1_WeSplit" */;
			compatibilityVersion = "Xcode 14.0";
			developmentRegion = en;
			hasScannedForEncodings = 0;
			knownRegions = (
				en,
				Base,
			);
			mainGroup = C5CFF0D42A2571F000E72ACB;
			productRefGroup = C5CFF0DE2A2571F000E72ACB /* Products */;
			projectDirPath = "";
			projectRoot = "";
			targets = (
				C5CFF0DC2A2571F000E72ACB /* WeSplit */,
				C5CFF0ED2A2571F100E72ACB /* WeSplitTests */,
				C5CFF0F72A2571F100E72ACB /* WeSplitUITests */,
			);
		};
/* End PBXProject section */

/* Begin PBXResourcesBuildPhase section */
		C5CFF0DB2A2571F000E72ACB /* Resources */ = {
			isa = PBXResourcesBuildPhase;
			buildActionMask = 2147483647;
			files = (
				C5CFF0E92A2571F100E72ACB /* Preview Assets.xcassets in Resources */,
				C5CFF0E52A2571F100E72ACB /* Assets.xcassets in Resources */,
			);
			runOnlyForDeploymentPostprocessing = 0;
		};
		C5CFF0EC2A2571F100E72ACB /* Resources */ = {
			isa = PBXResourcesBuildPhase;
			buildActionMask = 2147483647;
			files = (
			);
			runOnlyForDeploymentPostprocessing = 0;
		};
		C5CFF0F62A2571F100E72ACB /* Resources */ = {
			isa = PBXResourcesBuildPhase;
			buildActionMask = 2147483647;
			files = (
			);
			runOnlyForDeploymentPostprocessing = 0;
		};
/* End PBXResourcesBuildPhase section */

/* Begin PBXSourcesBuildPhase section */
		C5CFF0D92A2571F000E72ACB /* Sources */ = {
			isa = PBXSourcesBuildPhase;
			buildActionMask = 2147483647;
			files = (
				C5CFF0E32A2571F000E72ACB /* ContentView.swift in Sources */,
				C5CFF0E12A2571F000E72ACB /* WeSplitApp.swift in Sources */,
				C5D7525B2A26283400EE801C /* View+Extensions.swift in Sources */,
				C5D752552A26204A00EE801C /* Day16.swift in Sources */,
			);
			runOnlyForDeploymentPostprocessing = 0;
		};
		C5CFF0EA2A2571F100E72ACB /* Sources */ = {
			isa = PBXSourcesBuildPhase;
			buildActionMask = 2147483647;
			files = (
				C5CFF0F32A2571F100E72ACB /* WeSplitTests.swift in Sources */,
				C5D7525C2A26283400EE801C /* View+Extensions.swift in Sources */,
				C5D752562A26210600EE801C /* Day16.swift in Sources */,
			);
			runOnlyForDeploymentPostprocessing = 0;
		};
		C5CFF0F42A2571F100E72ACB /* Sources */ = {
			isa = PBXSourcesBuildPhase;
			buildActionMask = 2147483647;
			files = (
				C5CFF0FD2A2571F100E72ACB /* WeSplitUITests.swift in Sources */,
				C5CFF0FF2A2571F100E72ACB /* WeSplitUITestsLaunchTests.swift in Sources */,
				C5D7525D2A26283400EE801C /* View+Extensions.swift in Sources */,
				C5D752572A26210600EE801C /* Day16.swift in Sources */,
			);
			runOnlyForDeploymentPostprocessing = 0;
		};
/* End PBXSourcesBuildPhase section */

/* Begin PBXTargetDependency section */
		C5CFF0F02A2571F100E72ACB /* PBXTargetDependency */ = {
			isa = PBXTargetDependency;
			target = C5CFF0DC2A2571F000E72ACB /* WeSplit */;
			targetProxy = C5CFF0EF2A2571F100E72ACB /* PBXContainerItemProxy */;
		};
		C5CFF0FA2A2571F100E72ACB /* PBXTargetDependency */ = {
			isa = PBXTargetDependency;
			target = C5CFF0DC2A2571F000E72ACB /* WeSplit */;
			targetProxy = C5CFF0F92A2571F100E72ACB /* PBXContainerItemProxy */;
		};
/* End PBXTargetDependency section */

/* Begin XCBuildConfiguration section */
		C5CFF1002A2571F100E72ACB /* Debug */ = {
			isa = XCBuildConfiguration;
			buildSettings = {
				ALWAYS_SEARCH_USER_PATHS = NO;
				CLANG_ANALYZER_NONNULL = YES;
				CLANG_ANALYZER_NUMBER_OBJECT_CONVERSION = YES_AGGRESSIVE;
				CLANG_CXX_LANGUAGE_STANDARD = "gnu++20";
				CLANG_ENABLE_MODULES = YES;
				CLANG_ENABLE_OBJC_ARC = YES;
				CLANG_ENABLE_OBJC_WEAK = YES;
				CLANG_WARN_BLOCK_CAPTURE_AUTORELEASING = YES;
				CLANG_WARN_BOOL_CONVERSION = YES;
				CLANG_WARN_COMMA = YES;
				CLANG_WARN_CONSTANT_CONVERSION = YES;
				CLANG_WARN_DEPRECATED_OBJC_IMPLEMENTATIONS = YES;
				CLANG_WARN_DIRECT_OBJC_ISA_USAGE = YES_ERROR;
				CLANG_WARN_DOCUMENTATION_COMMENTS = YES;
				CLANG_WARN_EMPTY_BODY = YES;
				CLANG_WARN_ENUM_CONVERSION = YES;
				CLANG_WARN_INFINITE_RECURSION = YES;
				CLANG_WARN_INT_CONVERSION = YES;
				CLANG_WARN_NON_LITERAL_NULL_CONVERSION = YES;
				CLANG_WARN_OBJC_IMPLICIT_RETAIN_SELF = YES;
				CLANG_WARN_OBJC_LITERAL_CONVERSION = YES;
				CLANG_WARN_OBJC_ROOT_CLASS = YES_ERROR;
				CLANG_WARN_QUOTED_INCLUDE_IN_FRAMEWORK_HEADER = YES;
				CLANG_WARN_RANGE_LOOP_ANALYSIS = YES;
				CLANG_WARN_STRICT_PROTOTYPES = YES;
				CLANG_WARN_SUSPICIOUS_MOVE = YES;
				CLANG_WARN_UNGUARDED_AVAILABILITY = YES_AGGRESSIVE;
				CLANG_WARN_UNREACHABLE_CODE = YES;
				CLANG_WARN__DUPLICATE_METHOD_MATCH = YES;
				COPY_PHASE_STRIP = NO;
				DEBUG_INFORMATION_FORMAT = dwarf;
				ENABLE_STRICT_OBJC_MSGSEND = YES;
				ENABLE_TESTABILITY = YES;
				GCC_C_LANGUAGE_STANDARD = gnu11;
				GCC_DYNAMIC_NO_PIC = NO;
				GCC_NO_COMMON_BLOCKS = YES;
				GCC_OPTIMIZATION_LEVEL = 0;
				GCC_PREPROCESSOR_DEFINITIONS = (
					"DEBUG=1",
					"$(inherited)",
				);
				GCC_WARN_64_TO_32_BIT_CONVERSION = YES;
				GCC_WARN_ABOUT_RETURN_TYPE = YES_ERROR;
				GCC_WARN_UNDECLARED_SELECTOR = YES;
				GCC_WARN_UNINITIALIZED_AUTOS = YES_AGGRESSIVE;
				GCC_WARN_UNUSED_FUNCTION = YES;
				GCC_WARN_UNUSED_VARIABLE = YES;
				MTL_ENABLE_DEBUG_INFO = INCLUDE_SOURCE;
				MTL_FAST_MATH = YES;
				ONLY_ACTIVE_ARCH = YES;
				SWIFT_ACTIVE_COMPILATION_CONDITIONS = DEBUG;
				SWIFT_OPTIMIZATION_LEVEL = "-Onone";
			};
			name = Debug;
		};
		C5CFF1012A2571F100E72ACB /* Release */ = {
			isa = XCBuildConfiguration;
			buildSettings = {
				ALWAYS_SEARCH_USER_PATHS = NO;
				CLANG_ANALYZER_NONNULL = YES;
				CLANG_ANALYZER_NUMBER_OBJECT_CONVERSION = YES_AGGRESSIVE;
				CLANG_CXX_LANGUAGE_STANDARD = "gnu++20";
				CLANG_ENABLE_MODULES = YES;
				CLANG_ENABLE_OBJC_ARC = YES;
				CLANG_ENABLE_OBJC_WEAK = YES;
				CLANG_WARN_BLOCK_CAPTURE_AUTORELEASING = YES;
				CLANG_WARN_BOOL_CONVERSION = YES;
				CLANG_WARN_COMMA = YES;
				CLANG_WARN_CONSTANT_CONVERSION = YES;
				CLANG_WARN_DEPRECATED_OBJC_IMPLEMENTATIONS = YES;
				CLANG_WARN_DIRECT_OBJC_ISA_USAGE = YES_ERROR;
				CLANG_WARN_DOCUMENTATION_COMMENTS = YES;
				CLANG_WARN_EMPTY_BODY = YES;
				CLANG_WARN_ENUM_CONVERSION = YES;
				CLANG_WARN_INFINITE_RECURSION = YES;
				CLANG_WARN_INT_CONVERSION = YES;
				CLANG_WARN_NON_LITERAL_NULL_CONVERSION = YES;
				CLANG_WARN_OBJC_IMPLICIT_RETAIN_SELF = YES;
				CLANG_WARN_OBJC_LITERAL_CONVERSION = YES;
				CLANG_WARN_OBJC_ROOT_CLASS = YES_ERROR;
				CLANG_WARN_QUOTED_INCLUDE_IN_FRAMEWORK_HEADER = YES;
				CLANG_WARN_RANGE_LOOP_ANALYSIS = YES;
				CLANG_WARN_STRICT_PROTOTYPES = YES;
				CLANG_WARN_SUSPICIOUS_MOVE = YES;
				CLANG_WARN_UNGUARDED_AVAILABILITY = YES_AGGRESSIVE;
				CLANG_WARN_UNREACHABLE_CODE = YES;
				CLANG_WARN__DUPLICATE_METHOD_MATCH = YES;
				COPY_PHASE_STRIP = NO;
				DEBUG_INFORMATION_FORMAT = "dwarf-with-dsym";
				ENABLE_NS_ASSERTIONS = NO;
				ENABLE_STRICT_OBJC_MSGSEND = YES;
				GCC_C_LANGUAGE_STANDARD = gnu11;
				GCC_NO_COMMON_BLOCKS = YES;
				GCC_WARN_64_TO_32_BIT_CONVERSION = YES;
				GCC_WARN_ABOUT_RETURN_TYPE = YES_ERROR;
				GCC_WARN_UNDECLARED_SELECTOR = YES;
				GCC_WARN_UNINITIALIZED_AUTOS = YES_AGGRESSIVE;
				GCC_WARN_UNUSED_FUNCTION = YES;
				GCC_WARN_UNUSED_VARIABLE = YES;
				MTL_ENABLE_DEBUG_INFO = NO;
				MTL_FAST_MATH = YES;
				SWIFT_COMPILATION_MODE = wholemodule;
				SWIFT_OPTIMIZATION_LEVEL = "-O";
			};
			name = Release;
		};
		C5CFF1032A2571F100E72ACB /* Debug */ = {
			isa = XCBuildConfiguration;
			buildSettings = {
				ASSETCATALOG_COMPILER_APPICON_NAME = AppIcon;
				ASSETCATALOG_COMPILER_GLOBAL_ACCENT_COLOR_NAME = AccentColor;
				CODE_SIGN_ENTITLEMENTS = WeSplit/WeSplit.entitlements;
				CODE_SIGN_STYLE = Automatic;
				CURRENT_PROJECT_VERSION = 1;
				DEVELOPMENT_ASSET_PATHS = "\"WeSplit/Preview Content\"";
				DEVELOPMENT_TEAM = KZWJGZQGWZ;
				ENABLE_HARDENED_RUNTIME = YES;
				ENABLE_PREVIEWS = YES;
				GENERATE_INFOPLIST_FILE = YES;
				"INFOPLIST_KEY_UIApplicationSceneManifest_Generation[sdk=iphoneos*]" = YES;
				"INFOPLIST_KEY_UIApplicationSceneManifest_Generation[sdk=iphonesimulator*]" = YES;
				"INFOPLIST_KEY_UIApplicationSupportsIndirectInputEvents[sdk=iphoneos*]" = YES;
				"INFOPLIST_KEY_UIApplicationSupportsIndirectInputEvents[sdk=iphonesimulator*]" = YES;
				"INFOPLIST_KEY_UILaunchScreen_Generation[sdk=iphoneos*]" = YES;
				"INFOPLIST_KEY_UILaunchScreen_Generation[sdk=iphonesimulator*]" = YES;
				"INFOPLIST_KEY_UIStatusBarStyle[sdk=iphoneos*]" = UIStatusBarStyleDefault;
				"INFOPLIST_KEY_UIStatusBarStyle[sdk=iphonesimulator*]" = UIStatusBarStyleDefault;
				INFOPLIST_KEY_UISupportedInterfaceOrientations_iPad = "UIInterfaceOrientationPortrait UIInterfaceOrientationPortraitUpsideDown UIInterfaceOrientationLandscapeLeft UIInterfaceOrientationLandscapeRight";
				INFOPLIST_KEY_UISupportedInterfaceOrientations_iPhone = "UIInterfaceOrientationPortrait UIInterfaceOrientationLandscapeLeft UIInterfaceOrientationLandscapeRight";
				IPHONEOS_DEPLOYMENT_TARGET = 16.4;
				LD_RUNPATH_SEARCH_PATHS = "@executable_path/Frameworks";
				"LD_RUNPATH_SEARCH_PATHS[sdk=macosx*]" = "@executable_path/../Frameworks";
				MACOSX_DEPLOYMENT_TARGET = 13.2;
				MARKETING_VERSION = 1.0;
				PRODUCT_BUNDLE_IDENTIFIER = TyVaughan.WeSplit;
				PRODUCT_NAME = "$(TARGET_NAME)";
				SDKROOT = auto;
				SUPPORTED_PLATFORMS = "iphoneos iphonesimulator macosx";
				SWIFT_EMIT_LOC_STRINGS = YES;
				SWIFT_VERSION = 5.0;
				TARGETED_DEVICE_FAMILY = "1,2";
			};
			name = Debug;
		};
		C5CFF1042A2571F100E72ACB /* Release */ = {
			isa = XCBuildConfiguration;
			buildSettings = {
				ASSETCATALOG_COMPILER_APPICON_NAME = AppIcon;
				ASSETCATALOG_COMPILER_GLOBAL_ACCENT_COLOR_NAME = AccentColor;
				CODE_SIGN_ENTITLEMENTS = WeSplit/WeSplit.entitlements;
				CODE_SIGN_STYLE = Automatic;
				CURRENT_PROJECT_VERSION = 1;
				DEVELOPMENT_ASSET_PATHS = "\"WeSplit/Preview Content\"";
				DEVELOPMENT_TEAM = KZWJGZQGWZ;
				ENABLE_HARDENED_RUNTIME = YES;
				ENABLE_PREVIEWS = YES;
				GENERATE_INFOPLIST_FILE = YES;
				"INFOPLIST_KEY_UIApplicationSceneManifest_Generation[sdk=iphoneos*]" = YES;
				"INFOPLIST_KEY_UIApplicationSceneManifest_Generation[sdk=iphonesimulator*]" = YES;
				"INFOPLIST_KEY_UIApplicationSupportsIndirectInputEvents[sdk=iphoneos*]" = YES;
				"INFOPLIST_KEY_UIApplicationSupportsIndirectInputEvents[sdk=iphonesimulator*]" = YES;
				"INFOPLIST_KEY_UILaunchScreen_Generation[sdk=iphoneos*]" = YES;
				"INFOPLIST_KEY_UILaunchScreen_Generation[sdk=iphonesimulator*]" = YES;
				"INFOPLIST_KEY_UIStatusBarStyle[sdk=iphoneos*]" = UIStatusBarStyleDefault;
				"INFOPLIST_KEY_UIStatusBarStyle[sdk=iphonesimulator*]" = UIStatusBarStyleDefault;
				INFOPLIST_KEY_UISupportedInterfaceOrientations_iPad = "UIInterfaceOrientationPortrait UIInterfaceOrientationPortraitUpsideDown UIInterfaceOrientationLandscapeLeft UIInterfaceOrientationLandscapeRight";
				INFOPLIST_KEY_UISupportedInterfaceOrientations_iPhone = "UIInterfaceOrientationPortrait UIInterfaceOrientationLandscapeLeft UIInterfaceOrientationLandscapeRight";
				IPHONEOS_DEPLOYMENT_TARGET = 16.4;
				LD_RUNPATH_SEARCH_PATHS = "@executable_path/Frameworks";
				"LD_RUNPATH_SEARCH_PATHS[sdk=macosx*]" = "@executable_path/../Frameworks";
				MACOSX_DEPLOYMENT_TARGET = 13.2;
				MARKETING_VERSION = 1.0;
				PRODUCT_BUNDLE_IDENTIFIER = TyVaughan.WeSplit;
				PRODUCT_NAME = "$(TARGET_NAME)";
				SDKROOT = auto;
				SUPPORTED_PLATFORMS = "iphoneos iphonesimulator macosx";
				SWIFT_EMIT_LOC_STRINGS = YES;
				SWIFT_VERSION = 5.0;
				TARGETED_DEVICE_FAMILY = "1,2";
			};
			name = Release;
		};
		C5CFF1062A2571F100E72ACB /* Debug */ = {
			isa = XCBuildConfiguration;
			buildSettings = {
				ALWAYS_EMBED_SWIFT_STANDARD_LIBRARIES = YES;
				BUNDLE_LOADER = "$(TEST_HOST)";
				CODE_SIGN_STYLE = Automatic;
				CURRENT_PROJECT_VERSION = 1;
				DEVELOPMENT_TEAM = KZWJGZQGWZ;
				GENERATE_INFOPLIST_FILE = YES;
				IPHONEOS_DEPLOYMENT_TARGET = 16.4;
				MACOSX_DEPLOYMENT_TARGET = 13.2;
				MARKETING_VERSION = 1.0;
				PRODUCT_BUNDLE_IDENTIFIER = TyVaughan.WeSplitTests;
				PRODUCT_NAME = "$(TARGET_NAME)";
				SDKROOT = auto;
				SUPPORTED_PLATFORMS = "iphoneos iphonesimulator macosx";
				SWIFT_EMIT_LOC_STRINGS = NO;
				SWIFT_VERSION = 5.0;
				TARGETED_DEVICE_FAMILY = "1,2";
				TEST_HOST = "$(BUILT_PRODUCTS_DIR)/WeSplit.app/$(BUNDLE_EXECUTABLE_FOLDER_PATH)/WeSplit";
			};
			name = Debug;
		};
		C5CFF1072A2571F100E72ACB /* Release */ = {
			isa = XCBuildConfiguration;
			buildSettings = {
				ALWAYS_EMBED_SWIFT_STANDARD_LIBRARIES = YES;
				BUNDLE_LOADER = "$(TEST_HOST)";
				CODE_SIGN_STYLE = Automatic;
				CURRENT_PROJECT_VERSION = 1;
				DEVELOPMENT_TEAM = KZWJGZQGWZ;
				GENERATE_INFOPLIST_FILE = YES;
				IPHONEOS_DEPLOYMENT_TARGET = 16.4;
				MACOSX_DEPLOYMENT_TARGET = 13.2;
				MARKETING_VERSION = 1.0;
				PRODUCT_BUNDLE_IDENTIFIER = TyVaughan.WeSplitTests;
				PRODUCT_NAME = "$(TARGET_NAME)";
				SDKROOT = auto;
				SUPPORTED_PLATFORMS = "iphoneos iphonesimulator macosx";
				SWIFT_EMIT_LOC_STRINGS = NO;
				SWIFT_VERSION = 5.0;
				TARGETED_DEVICE_FAMILY = "1,2";
				TEST_HOST = "$(BUILT_PRODUCTS_DIR)/WeSplit.app/$(BUNDLE_EXECUTABLE_FOLDER_PATH)/WeSplit";
			};
			name = Release;
		};
		C5CFF1092A2571F100E72ACB /* Debug */ = {
			isa = XCBuildConfiguration;
			buildSettings = {
				ALWAYS_EMBED_SWIFT_STANDARD_LIBRARIES = YES;
				CODE_SIGN_STYLE = Automatic;
				CURRENT_PROJECT_VERSION = 1;
				DEVELOPMENT_TEAM = KZWJGZQGWZ;
				GENERATE_INFOPLIST_FILE = YES;
				IPHONEOS_DEPLOYMENT_TARGET = 16.4;
				MACOSX_DEPLOYMENT_TARGET = 13.2;
				MARKETING_VERSION = 1.0;
				PRODUCT_BUNDLE_IDENTIFIER = TyVaughan.WeSplitUITests;
				PRODUCT_NAME = "$(TARGET_NAME)";
				SDKROOT = auto;
				SUPPORTED_PLATFORMS = "iphoneos iphonesimulator macosx";
				SWIFT_EMIT_LOC_STRINGS = NO;
				SWIFT_VERSION = 5.0;
				TARGETED_DEVICE_FAMILY = "1,2";
				TEST_TARGET_NAME = WeSplit;
			};
			name = Debug;
		};
		C5CFF10A2A2571F100E72ACB /* Release */ = {
			isa = XCBuildConfiguration;
			buildSettings = {
				ALWAYS_EMBED_SWIFT_STANDARD_LIBRARIES = YES;
				CODE_SIGN_STYLE = Automatic;
				CURRENT_PROJECT_VERSION = 1;
				DEVELOPMENT_TEAM = KZWJGZQGWZ;
				GENERATE_INFOPLIST_FILE = YES;
				IPHONEOS_DEPLOYMENT_TARGET = 16.4;
				MACOSX_DEPLOYMENT_TARGET = 13.2;
				MARKETING_VERSION = 1.0;
				PRODUCT_BUNDLE_IDENTIFIER = TyVaughan.WeSplitUITests;
				PRODUCT_NAME = "$(TARGET_NAME)";
				SDKROOT = auto;
				SUPPORTED_PLATFORMS = "iphoneos iphonesimulator macosx";
				SWIFT_EMIT_LOC_STRINGS = NO;
				SWIFT_VERSION = 5.0;
				TARGETED_DEVICE_FAMILY = "1,2";
				TEST_TARGET_NAME = WeSplit;
			};
			name = Release;
		};
/* End XCBuildConfiguration section */

/* Begin XCConfigurationList section */
		C5CFF0D82A2571F000E72ACB /* Build configuration list for PBXProject "P1_WeSplit" */ = {
			isa = XCConfigurationList;
			buildConfigurations = (
				C5CFF1002A2571F100E72ACB /* Debug */,
				C5CFF1012A2571F100E72ACB /* Release */,
			);
			defaultConfigurationIsVisible = 0;
			defaultConfigurationName = Release;
		};
		C5CFF1022A2571F100E72ACB /* Build configuration list for PBXNativeTarget "WeSplit" */ = {
			isa = XCConfigurationList;
			buildConfigurations = (
				C5CFF1032A2571F100E72ACB /* Debug */,
				C5CFF1042A2571F100E72ACB /* Release */,
			);
			defaultConfigurationIsVisible = 0;
			defaultConfigurationName = Release;
		};
		C5CFF1052A2571F100E72ACB /* Build configuration list for PBXNativeTarget "WeSplitTests" */ = {
			isa = XCConfigurationList;
			buildConfigurations = (
				C5CFF1062A2571F100E72ACB /* Debug */,
				C5CFF1072A2571F100E72ACB /* Release */,
			);
			defaultConfigurationIsVisible = 0;
			defaultConfigurationName = Release;
		};
		C5CFF1082A2571F100E72ACB /* Build configuration list for PBXNativeTarget "WeSplitUITests" */ = {
			isa = XCConfigurationList;
			buildConfigurations = (
				C5CFF1092A2571F100E72ACB /* Debug */,
				C5CFF10A2A2571F100E72ACB /* Release */,
			);
			defaultConfigurationIsVisible = 0;
			defaultConfigurationName = Release;
		};
/* End XCConfigurationList section */
	};
	rootObject = C5CFF0D52A2571F000E72ACB /* Project object */;
}
