// !$*UTF8*$!
{
	archiveVersion = 1;
	classes = {
	};
	objectVersion = 56;
	objects = {

/* Begin PBXBuildFile section */
		C5A2A1EB2BAE049A00BBA627 /* P14_BucketList_2024App.swift in Sources */ = {isa = PBXBuildFile; fileRef = C5A2A1EA2BAE049A00BBA627 /* P14_BucketList_2024App.swift */; };
		C5A2A1ED2BAE049A00BBA627 /* ContentView.swift in Sources */ = {isa = PBXBuildFile; fileRef = C5A2A1EC2BAE049A00BBA627 /* ContentView.swift */; };
		C5A2A1EF2BAE049B00BBA627 /* Assets.xcassets in Resources */ = {isa = PBXBuildFile; fileRef = C5A2A1EE2BAE049B00BBA627 /* Assets.xcassets */; };
		C5A2A1F22BAE049B00BBA627 /* Preview Assets.xcassets in Resources */ = {isa = PBXBuildFile; fileRef = C5A2A1F12BAE049B00BBA627 /* Preview Assets.xcassets */; };
		C5A2A1FA2BAE078C00BBA627 /* ConformToComparable.swift in Sources */ = {isa = PBXBuildFile; fileRef = C5A2A1F92BAE078C00BBA627 /* ConformToComparable.swift */; };
		C5A2A1FC2BAE0B6A00BBA627 /* WriteDataToDocument.swift in Sources */ = {isa = PBXBuildFile; fileRef = C5A2A1FB2BAE0B6A00BBA627 /* WriteDataToDocument.swift */; };
		C5A2A1FF2BAE0D6A00BBA627 /* FileManager+Extensions.swift in Sources */ = {isa = PBXBuildFile; fileRef = C5A2A1FE2BAE0D6A00BBA627 /* FileManager+Extensions.swift */; };
		C5A2A2012BAE16D800BBA627 /* SwitchViewStatesWithEnums.swift in Sources */ = {isa = PBXBuildFile; fileRef = C5A2A2002BAE16D800BBA627 /* SwitchViewStatesWithEnums.swift */; };
		C5A2A2032BAE187500BBA627 /* IntegratingMapKit.swift in Sources */ = {isa = PBXBuildFile; fileRef = C5A2A2022BAE187500BBA627 /* IntegratingMapKit.swift */; };
		C5A2A2052BAE25DF00BBA627 /* TouchAndFaceId.swift in Sources */ = {isa = PBXBuildFile; fileRef = C5A2A2042BAE25DF00BBA627 /* TouchAndFaceId.swift */; };
		C5CB22322BB1E64A006BAE88 /* WikipediaService.swift in Sources */ = {isa = PBXBuildFile; fileRef = C5CB22312BB1E64A006BAE88 /* WikipediaService.swift */; };
		C5CB22342BB1E65A006BAE88 /* WikipediaPlaceResponse.swift in Sources */ = {isa = PBXBuildFile; fileRef = C5CB22332BB1E65A006BAE88 /* WikipediaPlaceResponse.swift */; };
		C5CB22372BB1E815006BAE88 /* LoadingState.swift in Sources */ = {isa = PBXBuildFile; fileRef = C5CB22362BB1E815006BAE88 /* LoadingState.swift */; };
		C5CB22392BB1EBE2006BAE88 /* ApiResponse.swift in Sources */ = {isa = PBXBuildFile; fileRef = C5CB22382BB1EBE2006BAE88 /* ApiResponse.swift */; };
		C5CB223B2BB1EC7B006BAE88 /* ApiStatus.swift in Sources */ = {isa = PBXBuildFile; fileRef = C5CB223A2BB1EC7B006BAE88 /* ApiStatus.swift */; };
		C5CB223E2BB1F26F006BAE88 /* ContentView+ViewModel.swift in Sources */ = {isa = PBXBuildFile; fileRef = C5CB223D2BB1F26F006BAE88 /* ContentView+ViewModel.swift */; };
		C5CE247C2BB2605800E4B252 /* LocationEditView+ViewModel.swift in Sources */ = {isa = PBXBuildFile; fileRef = C5CE247B2BB2605800E4B252 /* LocationEditView+ViewModel.swift */; };
		C5ED69762BB0FD9000F96CDB /* Location.swift in Sources */ = {isa = PBXBuildFile; fileRef = C5ED69752BB0FD9000F96CDB /* Location.swift */; };
		C5ED69782BB1020600F96CDB /* LocationEditView.swift in Sources */ = {isa = PBXBuildFile; fileRef = C5ED69772BB1020600F96CDB /* LocationEditView.swift */; };
/* End PBXBuildFile section */

/* Begin PBXFileReference section */
		C5A2A1E72BAE049A00BBA627 /* P14_BucketList_2024.app */ = {isa = PBXFileReference; explicitFileType = wrapper.application; includeInIndex = 0; path = P14_BucketList_2024.app; sourceTree = BUILT_PRODUCTS_DIR; };
		C5A2A1EA2BAE049A00BBA627 /* P14_BucketList_2024App.swift */ = {isa = PBXFileReference; lastKnownFileType = sourcecode.swift; path = P14_BucketList_2024App.swift; sourceTree = "<group>"; };
		C5A2A1EC2BAE049A00BBA627 /* ContentView.swift */ = {isa = PBXFileReference; lastKnownFileType = sourcecode.swift; path = ContentView.swift; sourceTree = "<group>"; };
		C5A2A1EE2BAE049B00BBA627 /* Assets.xcassets */ = {isa = PBXFileReference; lastKnownFileType = folder.assetcatalog; path = Assets.xcassets; sourceTree = "<group>"; };
		C5A2A1F12BAE049B00BBA627 /* Preview Assets.xcassets */ = {isa = PBXFileReference; lastKnownFileType = folder.assetcatalog; path = "Preview Assets.xcassets"; sourceTree = "<group>"; };
		C5A2A1F92BAE078C00BBA627 /* ConformToComparable.swift */ = {isa = PBXFileReference; lastKnownFileType = sourcecode.swift; path = ConformToComparable.swift; sourceTree = "<group>"; };
		C5A2A1FB2BAE0B6A00BBA627 /* WriteDataToDocument.swift */ = {isa = PBXFileReference; lastKnownFileType = sourcecode.swift; path = WriteDataToDocument.swift; sourceTree = "<group>"; };
		C5A2A1FE2BAE0D6A00BBA627 /* FileManager+Extensions.swift */ = {isa = PBXFileReference; lastKnownFileType = sourcecode.swift; path = "FileManager+Extensions.swift"; sourceTree = "<group>"; };
		C5A2A2002BAE16D800BBA627 /* SwitchViewStatesWithEnums.swift */ = {isa = PBXFileReference; lastKnownFileType = sourcecode.swift; path = SwitchViewStatesWithEnums.swift; sourceTree = "<group>"; };
		C5A2A2022BAE187500BBA627 /* IntegratingMapKit.swift */ = {isa = PBXFileReference; lastKnownFileType = sourcecode.swift; path = IntegratingMapKit.swift; sourceTree = "<group>"; };
		C5A2A2042BAE25DF00BBA627 /* TouchAndFaceId.swift */ = {isa = PBXFileReference; lastKnownFileType = sourcecode.swift; path = TouchAndFaceId.swift; sourceTree = "<group>"; };
		C5CB22312BB1E64A006BAE88 /* WikipediaService.swift */ = {isa = PBXFileReference; lastKnownFileType = sourcecode.swift; path = WikipediaService.swift; sourceTree = "<group>"; };
		C5CB22332BB1E65A006BAE88 /* WikipediaPlaceResponse.swift */ = {isa = PBXFileReference; lastKnownFileType = sourcecode.swift; path = WikipediaPlaceResponse.swift; sourceTree = "<group>"; };
		C5CB22362BB1E815006BAE88 /* LoadingState.swift */ = {isa = PBXFileReference; lastKnownFileType = sourcecode.swift; path = LoadingState.swift; sourceTree = "<group>"; };
		C5CB22382BB1EBE2006BAE88 /* ApiResponse.swift */ = {isa = PBXFileReference; lastKnownFileType = sourcecode.swift; path = ApiResponse.swift; sourceTree = "<group>"; };
		C5CB223A2BB1EC7B006BAE88 /* ApiStatus.swift */ = {isa = PBXFileReference; lastKnownFileType = sourcecode.swift; path = ApiStatus.swift; sourceTree = "<group>"; };
		C5CB223D2BB1F26F006BAE88 /* ContentView+ViewModel.swift */ = {isa = PBXFileReference; lastKnownFileType = sourcecode.swift; path = "ContentView+ViewModel.swift"; sourceTree = "<group>"; };
		C5CE247B2BB2605800E4B252 /* LocationEditView+ViewModel.swift */ = {isa = PBXFileReference; lastKnownFileType = sourcecode.swift; path = "LocationEditView+ViewModel.swift"; sourceTree = "<group>"; };
		C5ED69752BB0FD9000F96CDB /* Location.swift */ = {isa = PBXFileReference; lastKnownFileType = sourcecode.swift; path = Location.swift; sourceTree = "<group>"; };
		C5ED69772BB1020600F96CDB /* LocationEditView.swift */ = {isa = PBXFileReference; lastKnownFileType = sourcecode.swift; path = LocationEditView.swift; sourceTree = "<group>"; };
/* End PBXFileReference section */

/* Begin PBXFrameworksBuildPhase section */
		C5A2A1E42BAE049A00BBA627 /* Frameworks */ = {
			isa = PBXFrameworksBuildPhase;
			buildActionMask = 2147483647;
			files = (
			);
			runOnlyForDeploymentPostprocessing = 0;
		};
/* End PBXFrameworksBuildPhase section */

/* Begin PBXGroup section */
		C5A2A1DE2BAE049A00BBA627 = {
			isa = PBXGroup;
			children = (
				C5A2A1E92BAE049A00BBA627 /* P14_BucketList_2024 */,
				C5A2A1E82BAE049A00BBA627 /* Products */,
			);
			sourceTree = "<group>";
		};
		C5A2A1E82BAE049A00BBA627 /* Products */ = {
			isa = PBXGroup;
			children = (
				C5A2A1E72BAE049A00BBA627 /* P14_BucketList_2024.app */,
			);
			name = Products;
			sourceTree = "<group>";
		};
		C5A2A1E92BAE049A00BBA627 /* P14_BucketList_2024 */ = {
			isa = PBXGroup;
			children = (
				C5A2A1F82BAE077500BBA627 /* Practice */,
				C5CB22352BB1E809006BAE88 /* Enums */,
				C5A2A1FD2BAE0D5700BBA627 /* Extensions */,
				C5ED69742BB0F6E300F96CDB /* Model */,
				C5CB22302BB1E635006BAE88 /* Services */,
				C5CB223C2BB1F244006BAE88 /* ViewModels */,
				C5ED69732BB0F6D900F96CDB /* Views */,
				C5A2A1EA2BAE049A00BBA627 /* P14_BucketList_2024App.swift */,
				C5A2A1EC2BAE049A00BBA627 /* ContentView.swift */,
				C5A2A1EE2BAE049B00BBA627 /* Assets.xcassets */,
				C5A2A1F02BAE049B00BBA627 /* Preview Content */,
			);
			path = P14_BucketList_2024;
			sourceTree = "<group>";
		};
		C5A2A1F02BAE049B00BBA627 /* Preview Content */ = {
			isa = PBXGroup;
			children = (
				C5A2A1F12BAE049B00BBA627 /* Preview Assets.xcassets */,
			);
			path = "Preview Content";
			sourceTree = "<group>";
		};
		C5A2A1F82BAE077500BBA627 /* Practice */ = {
			isa = PBXGroup;
			children = (
				C5A2A1F92BAE078C00BBA627 /* ConformToComparable.swift */,
				C5A2A1FB2BAE0B6A00BBA627 /* WriteDataToDocument.swift */,
				C5A2A2002BAE16D800BBA627 /* SwitchViewStatesWithEnums.swift */,
				C5A2A2022BAE187500BBA627 /* IntegratingMapKit.swift */,
				C5A2A2042BAE25DF00BBA627 /* TouchAndFaceId.swift */,
			);
			path = Practice;
			sourceTree = "<group>";
		};
		C5A2A1FD2BAE0D5700BBA627 /* Extensions */ = {
			isa = PBXGroup;
			children = (
				C5A2A1FE2BAE0D6A00BBA627 /* FileManager+Extensions.swift */,
			);
			path = Extensions;
			sourceTree = "<group>";
		};
		C5CB22302BB1E635006BAE88 /* Services */ = {
			isa = PBXGroup;
			children = (
				C5CB22312BB1E64A006BAE88 /* WikipediaService.swift */,
			);
			path = Services;
			sourceTree = "<group>";
		};
		C5CB22352BB1E809006BAE88 /* Enums */ = {
			isa = PBXGroup;
			children = (
				C5CB22362BB1E815006BAE88 /* LoadingState.swift */,
				C5CB223A2BB1EC7B006BAE88 /* ApiStatus.swift */,
			);
			path = Enums;
			sourceTree = "<group>";
		};
		C5CB223C2BB1F244006BAE88 /* ViewModels */ = {
			isa = PBXGroup;
			children = (
				C5CB223D2BB1F26F006BAE88 /* ContentView+ViewModel.swift */,
				C5CE247B2BB2605800E4B252 /* LocationEditView+ViewModel.swift */,
			);
			path = ViewModels;
			sourceTree = "<group>";
		};
		C5ED69732BB0F6D900F96CDB /* Views */ = {
			isa = PBXGroup;
			children = (
				C5ED69772BB1020600F96CDB /* LocationEditView.swift */,
			);
			path = Views;
			sourceTree = "<group>";
		};
		C5ED69742BB0F6E300F96CDB /* Model */ = {
			isa = PBXGroup;
			children = (
				C5ED69752BB0FD9000F96CDB /* Location.swift */,
				C5CB22332BB1E65A006BAE88 /* WikipediaPlaceResponse.swift */,
				C5CB22382BB1EBE2006BAE88 /* ApiResponse.swift */,
			);
			path = Model;
			sourceTree = "<group>";
		};
/* End PBXGroup section */

/* Begin PBXNativeTarget section */
		C5A2A1E62BAE049A00BBA627 /* P14_BucketList_2024 */ = {
			isa = PBXNativeTarget;
			buildConfigurationList = C5A2A1F52BAE049B00BBA627 /* Build configuration list for PBXNativeTarget "P14_BucketList_2024" */;
			buildPhases = (
				C5A2A1E32BAE049A00BBA627 /* Sources */,
				C5A2A1E42BAE049A00BBA627 /* Frameworks */,
				C5A2A1E52BAE049A00BBA627 /* Resources */,
			);
			buildRules = (
			);
			dependencies = (
			);
			name = P14_BucketList_2024;
			productName = P14_BucketList_2024;
			productReference = C5A2A1E72BAE049A00BBA627 /* P14_BucketList_2024.app */;
			productType = "com.apple.product-type.application";
		};
/* End PBXNativeTarget section */

/* Begin PBXProject section */
		C5A2A1DF2BAE049A00BBA627 /* Project object */ = {
			isa = PBXProject;
			attributes = {
				BuildIndependentTargetsInParallel = 1;
				LastSwiftUpdateCheck = 1530;
				LastUpgradeCheck = 1530;
				TargetAttributes = {
					C5A2A1E62BAE049A00BBA627 = {
						CreatedOnToolsVersion = 15.3;
					};
				};
			};
			buildConfigurationList = C5A2A1E22BAE049A00BBA627 /* Build configuration list for PBXProject "P14_BucketList_2024" */;
			compatibilityVersion = "Xcode 14.0";
			developmentRegion = en;
			hasScannedForEncodings = 0;
			knownRegions = (
				en,
				Base,
			);
			mainGroup = C5A2A1DE2BAE049A00BBA627;
			productRefGroup = C5A2A1E82BAE049A00BBA627 /* Products */;
			projectDirPath = "";
			projectRoot = "";
			targets = (
				C5A2A1E62BAE049A00BBA627 /* P14_BucketList_2024 */,
			);
		};
/* End PBXProject section */

/* Begin PBXResourcesBuildPhase section */
		C5A2A1E52BAE049A00BBA627 /* Resources */ = {
			isa = PBXResourcesBuildPhase;
			buildActionMask = 2147483647;
			files = (
				C5A2A1F22BAE049B00BBA627 /* Preview Assets.xcassets in Resources */,
				C5A2A1EF2BAE049B00BBA627 /* Assets.xcassets in Resources */,
			);
			runOnlyForDeploymentPostprocessing = 0;
		};
/* End PBXResourcesBuildPhase section */

/* Begin PBXSourcesBuildPhase section */
		C5A2A1E32BAE049A00BBA627 /* Sources */ = {
			isa = PBXSourcesBuildPhase;
			buildActionMask = 2147483647;
			files = (
				C5CE247C2BB2605800E4B252 /* LocationEditView+ViewModel.swift in Sources */,
				C5CB22322BB1E64A006BAE88 /* WikipediaService.swift in Sources */,
				C5A2A1FA2BAE078C00BBA627 /* ConformToComparable.swift in Sources */,
				C5CB22342BB1E65A006BAE88 /* WikipediaPlaceResponse.swift in Sources */,
				C5CB22392BB1EBE2006BAE88 /* ApiResponse.swift in Sources */,
				C5A2A2052BAE25DF00BBA627 /* TouchAndFaceId.swift in Sources */,
				C5CB223E2BB1F26F006BAE88 /* ContentView+ViewModel.swift in Sources */,
				C5CB223B2BB1EC7B006BAE88 /* ApiStatus.swift in Sources */,
				C5A2A2012BAE16D800BBA627 /* SwitchViewStatesWithEnums.swift in Sources */,
				C5CB22372BB1E815006BAE88 /* LoadingState.swift in Sources */,
				C5A2A1ED2BAE049A00BBA627 /* ContentView.swift in Sources */,
				C5ED69762BB0FD9000F96CDB /* Location.swift in Sources */,
				C5A2A1FF2BAE0D6A00BBA627 /* FileManager+Extensions.swift in Sources */,
				C5A2A1EB2BAE049A00BBA627 /* P14_BucketList_2024App.swift in Sources */,
				C5A2A2032BAE187500BBA627 /* IntegratingMapKit.swift in Sources */,
				C5A2A1FC2BAE0B6A00BBA627 /* WriteDataToDocument.swift in Sources */,
				C5ED69782BB1020600F96CDB /* LocationEditView.swift in Sources */,
			);
			runOnlyForDeploymentPostprocessing = 0;
		};
/* End PBXSourcesBuildPhase section */

/* Begin XCBuildConfiguration section */
		C5A2A1F32BAE049B00BBA627 /* Debug */ = {
			isa = XCBuildConfiguration;
			buildSettings = {
				ALWAYS_SEARCH_USER_PATHS = NO;
				ASSETCATALOG_COMPILER_GENERATE_SWIFT_ASSET_SYMBOL_EXTENSIONS = YES;
				CLANG_ANALYZER_NONNULL = YES;
				CLANG_ANALYZER_NUMBER_OBJECT_CONVERSION = YES_AGGRESSIVE;
				CLANG_CXX_LANGUAGE_STANDARD = "gnu++20";
				CLANG_ENABLE_MODULES = YES;
				CLANG_ENABLE_OBJC_ARC = YES;
				CLANG_ENABLE_OBJC_WEAK = YES;
				CLANG_WARN_BLOCK_CAPTURE_AUTORELEASING = YES;
				CLANG_WARN_BOOL_CONVERSION = YES;
				CLANG_WARN_COMMA = YES;
				CLANG_WARN_CONSTANT_CONVERSION = YES;
				CLANG_WARN_DEPRECATED_OBJC_IMPLEMENTATIONS = YES;
				CLANG_WARN_DIRECT_OBJC_ISA_USAGE = YES_ERROR;
				CLANG_WARN_DOCUMENTATION_COMMENTS = YES;
				CLANG_WARN_EMPTY_BODY = YES;
				CLANG_WARN_ENUM_CONVERSION = YES;
				CLANG_WARN_INFINITE_RECURSION = YES;
				CLANG_WARN_INT_CONVERSION = YES;
				CLANG_WARN_NON_LITERAL_NULL_CONVERSION = YES;
				CLANG_WARN_OBJC_IMPLICIT_RETAIN_SELF = YES;
				CLANG_WARN_OBJC_LITERAL_CONVERSION = YES;
				CLANG_WARN_OBJC_ROOT_CLASS = YES_ERROR;
				CLANG_WARN_QUOTED_INCLUDE_IN_FRAMEWORK_HEADER = YES;
				CLANG_WARN_RANGE_LOOP_ANALYSIS = YES;
				CLANG_WARN_STRICT_PROTOTYPES = YES;
				CLANG_WARN_SUSPICIOUS_MOVE = YES;
				CLANG_WARN_UNGUARDED_AVAILABILITY = YES_AGGRESSIVE;
				CLANG_WARN_UNREACHABLE_CODE = YES;
				CLANG_WARN__DUPLICATE_METHOD_MATCH = YES;
				COPY_PHASE_STRIP = NO;
				DEBUG_INFORMATION_FORMAT = dwarf;
				ENABLE_STRICT_OBJC_MSGSEND = YES;
				ENABLE_TESTABILITY = YES;
				ENABLE_USER_SCRIPT_SANDBOXING = YES;
				GCC_C_LANGUAGE_STANDARD = gnu17;
				GCC_DYNAMIC_NO_PIC = NO;
				GCC_NO_COMMON_BLOCKS = YES;
				GCC_OPTIMIZATION_LEVEL = 0;
				GCC_PREPROCESSOR_DEFINITIONS = (
					"DEBUG=1",
					"$(inherited)",
				);
				GCC_WARN_64_TO_32_BIT_CONVERSION = YES;
				GCC_WARN_ABOUT_RETURN_TYPE = YES_ERROR;
				GCC_WARN_UNDECLARED_SELECTOR = YES;
				GCC_WARN_UNINITIALIZED_AUTOS = YES_AGGRESSIVE;
				GCC_WARN_UNUSED_FUNCTION = YES;
				GCC_WARN_UNUSED_VARIABLE = YES;
				IPHONEOS_DEPLOYMENT_TARGET = 17.4;
				LOCALIZATION_PREFERS_STRING_CATALOGS = YES;
				MTL_ENABLE_DEBUG_INFO = INCLUDE_SOURCE;
				MTL_FAST_MATH = YES;
				ONLY_ACTIVE_ARCH = YES;
				SDKROOT = iphoneos;
				SWIFT_ACTIVE_COMPILATION_CONDITIONS = "DEBUG $(inherited)";
				SWIFT_OPTIMIZATION_LEVEL = "-Onone";
			};
			name = Debug;
		};
		C5A2A1F42BAE049B00BBA627 /* Release */ = {
			isa = XCBuildConfiguration;
			buildSettings = {
				ALWAYS_SEARCH_USER_PATHS = NO;
				ASSETCATALOG_COMPILER_GENERATE_SWIFT_ASSET_SYMBOL_EXTENSIONS = YES;
				CLANG_ANALYZER_NONNULL = YES;
				CLANG_ANALYZER_NUMBER_OBJECT_CONVERSION = YES_AGGRESSIVE;
				CLANG_CXX_LANGUAGE_STANDARD = "gnu++20";
				CLANG_ENABLE_MODULES = YES;
				CLANG_ENABLE_OBJC_ARC = YES;
				CLANG_ENABLE_OBJC_WEAK = YES;
				CLANG_WARN_BLOCK_CAPTURE_AUTORELEASING = YES;
				CLANG_WARN_BOOL_CONVERSION = YES;
				CLANG_WARN_COMMA = YES;
				CLANG_WARN_CONSTANT_CONVERSION = YES;
				CLANG_WARN_DEPRECATED_OBJC_IMPLEMENTATIONS = YES;
				CLANG_WARN_DIRECT_OBJC_ISA_USAGE = YES_ERROR;
				CLANG_WARN_DOCUMENTATION_COMMENTS = YES;
				CLANG_WARN_EMPTY_BODY = YES;
				CLANG_WARN_ENUM_CONVERSION = YES;
				CLANG_WARN_INFINITE_RECURSION = YES;
				CLANG_WARN_INT_CONVERSION = YES;
				CLANG_WARN_NON_LITERAL_NULL_CONVERSION = YES;
				CLANG_WARN_OBJC_IMPLICIT_RETAIN_SELF = YES;
				CLANG_WARN_OBJC_LITERAL_CONVERSION = YES;
				CLANG_WARN_OBJC_ROOT_CLASS = YES_ERROR;
				CLANG_WARN_QUOTED_INCLUDE_IN_FRAMEWORK_HEADER = YES;
				CLANG_WARN_RANGE_LOOP_ANALYSIS = YES;
				CLANG_WARN_STRICT_PROTOTYPES = YES;
				CLANG_WARN_SUSPICIOUS_MOVE = YES;
				CLANG_WARN_UNGUARDED_AVAILABILITY = YES_AGGRESSIVE;
				CLANG_WARN_UNREACHABLE_CODE = YES;
				CLANG_WARN__DUPLICATE_METHOD_MATCH = YES;
				COPY_PHASE_STRIP = NO;
				DEBUG_INFORMATION_FORMAT = "dwarf-with-dsym";
				ENABLE_NS_ASSERTIONS = NO;
				ENABLE_STRICT_OBJC_MSGSEND = YES;
				ENABLE_USER_SCRIPT_SANDBOXING = YES;
				GCC_C_LANGUAGE_STANDARD = gnu17;
				GCC_NO_COMMON_BLOCKS = YES;
				GCC_WARN_64_TO_32_BIT_CONVERSION = YES;
				GCC_WARN_ABOUT_RETURN_TYPE = YES_ERROR;
				GCC_WARN_UNDECLARED_SELECTOR = YES;
				GCC_WARN_UNINITIALIZED_AUTOS = YES_AGGRESSIVE;
				GCC_WARN_UNUSED_FUNCTION = YES;
				GCC_WARN_UNUSED_VARIABLE = YES;
				IPHONEOS_DEPLOYMENT_TARGET = 17.4;
				LOCALIZATION_PREFERS_STRING_CATALOGS = YES;
				MTL_ENABLE_DEBUG_INFO = NO;
				MTL_FAST_MATH = YES;
				SDKROOT = iphoneos;
				SWIFT_COMPILATION_MODE = wholemodule;
				VALIDATE_PRODUCT = YES;
			};
			name = Release;
		};
		C5A2A1F62BAE049B00BBA627 /* Debug */ = {
			isa = XCBuildConfiguration;
			buildSettings = {
				ASSETCATALOG_COMPILER_APPICON_NAME = AppIcon;
				ASSETCATALOG_COMPILER_GLOBAL_ACCENT_COLOR_NAME = AccentColor;
				CODE_SIGN_STYLE = Automatic;
				CURRENT_PROJECT_VERSION = 1;
				DEVELOPMENT_ASSET_PATHS = "\"P14_BucketList_2024/Preview Content\"";
				DEVELOPMENT_TEAM = KZWJGZQGWZ;
				ENABLE_PREVIEWS = YES;
				GENERATE_INFOPLIST_FILE = YES;
				INFOPLIST_KEY_NSFaceIDUsageDescription = "Please authenticate yourself to unlock your places";
				INFOPLIST_KEY_UIApplicationSceneManifest_Generation = YES;
				INFOPLIST_KEY_UIApplicationSupportsIndirectInputEvents = YES;
				INFOPLIST_KEY_UILaunchScreen_Generation = YES;
				INFOPLIST_KEY_UISupportedInterfaceOrientations_iPad = "UIInterfaceOrientationPortrait UIInterfaceOrientationPortraitUpsideDown UIInterfaceOrientationLandscapeLeft UIInterfaceOrientationLandscapeRight";
				INFOPLIST_KEY_UISupportedInterfaceOrientations_iPhone = "UIInterfaceOrientationPortrait UIInterfaceOrientationLandscapeLeft UIInterfaceOrientationLandscapeRight";
				LD_RUNPATH_SEARCH_PATHS = (
					"$(inherited)",
					"@executable_path/Frameworks",
				);
				MARKETING_VERSION = 1.0;
				PRODUCT_BUNDLE_IDENTIFIER = "TyVaughan.P14-BucketList-2024";
				PRODUCT_NAME = "$(TARGET_NAME)";
				SWIFT_EMIT_LOC_STRINGS = YES;
				SWIFT_VERSION = 5.0;
				TARGETED_DEVICE_FAMILY = "1,2";
			};
			name = Debug;
		};
		C5A2A1F72BAE049B00BBA627 /* Release */ = {
			isa = XCBuildConfiguration;
			buildSettings = {
				ASSETCATALOG_COMPILER_APPICON_NAME = AppIcon;
				ASSETCATALOG_COMPILER_GLOBAL_ACCENT_COLOR_NAME = AccentColor;
				CODE_SIGN_STYLE = Automatic;
				CURRENT_PROJECT_VERSION = 1;
				DEVELOPMENT_ASSET_PATHS = "\"P14_BucketList_2024/Preview Content\"";
				DEVELOPMENT_TEAM = KZWJGZQGWZ;
				ENABLE_PREVIEWS = YES;
				GENERATE_INFOPLIST_FILE = YES;
				INFOPLIST_KEY_NSFaceIDUsageDescription = "Please authenticate yourself to unlock your places";
				INFOPLIST_KEY_UIApplicationSceneManifest_Generation = YES;
				INFOPLIST_KEY_UIApplicationSupportsIndirectInputEvents = YES;
				INFOPLIST_KEY_UILaunchScreen_Generation = YES;
				INFOPLIST_KEY_UISupportedInterfaceOrientations_iPad = "UIInterfaceOrientationPortrait UIInterfaceOrientationPortraitUpsideDown UIInterfaceOrientationLandscapeLeft UIInterfaceOrientationLandscapeRight";
				INFOPLIST_KEY_UISupportedInterfaceOrientations_iPhone = "UIInterfaceOrientationPortrait UIInterfaceOrientationLandscapeLeft UIInterfaceOrientationLandscapeRight";
				LD_RUNPATH_SEARCH_PATHS = (
					"$(inherited)",
					"@executable_path/Frameworks",
				);
				MARKETING_VERSION = 1.0;
				PRODUCT_BUNDLE_IDENTIFIER = "TyVaughan.P14-BucketList-2024";
				PRODUCT_NAME = "$(TARGET_NAME)";
				SWIFT_EMIT_LOC_STRINGS = YES;
				SWIFT_VERSION = 5.0;
				TARGETED_DEVICE_FAMILY = "1,2";
			};
			name = Release;
		};
/* End XCBuildConfiguration section */

/* Begin XCConfigurationList section */
		C5A2A1E22BAE049A00BBA627 /* Build configuration list for PBXProject "P14_BucketList_2024" */ = {
			isa = XCConfigurationList;
			buildConfigurations = (
				C5A2A1F32BAE049B00BBA627 /* Debug */,
				C5A2A1F42BAE049B00BBA627 /* Release */,
			);
			defaultConfigurationIsVisible = 0;
			defaultConfigurationName = Release;
		};
		C5A2A1F52BAE049B00BBA627 /* Build configuration list for PBXNativeTarget "P14_BucketList_2024" */ = {
			isa = XCConfigurationList;
			buildConfigurations = (
				C5A2A1F62BAE049B00BBA627 /* Debug */,
				C5A2A1F72BAE049B00BBA627 /* Release */,
			);
			defaultConfigurationIsVisible = 0;
			defaultConfigurationName = Release;
		};
/* End XCConfigurationList section */
	};
	rootObject = C5A2A1DF2BAE049A00BBA627 /* Project object */;
}
