// !$*UTF8*$!
{
	archiveVersion = 1;
	classes = {
	};
	objectVersion = 56;
	objects = {

/* Begin PBXBuildFile section */
		C563B5CF2BBDC28E009F8837 /* P18_LayoutAndGeometry_2024App.swift in Sources */ = {isa = PBXBuildFile; fileRef = C563B5CE2BBDC28E009F8837 /* P18_LayoutAndGeometry_2024App.swift */; };
		C563B5D12BBDC28E009F8837 /* ContentView.swift in Sources */ = {isa = PBXBuildFile; fileRef = C563B5D02BBDC28E009F8837 /* ContentView.swift */; };
		C563B5D32BBDC28F009F8837 /* Assets.xcassets in Resources */ = {isa = PBXBuildFile; fileRef = C563B5D22BBDC28F009F8837 /* Assets.xcassets */; };
		C563B5D72BBDC28F009F8837 /* Preview Assets.xcassets in Resources */ = {isa = PBXBuildFile; fileRef = C563B5D62BBDC28F009F8837 /* Preview Assets.xcassets */; };
		C563B5DF2BBDC365009F8837 /* HowLayoutsWork.swift in Sources */ = {isa = PBXBuildFile; fileRef = C563B5DE2BBDC365009F8837 /* HowLayoutsWork.swift */; };
		C563B5E12BBDC4FE009F8837 /* AlignmentAndAlignmentGuides.swift in Sources */ = {isa = PBXBuildFile; fileRef = C563B5E02BBDC4FE009F8837 /* AlignmentAndAlignmentGuides.swift */; };
		C563B5E32BBDC91D009F8837 /* CustomAlignmentGuide.swift in Sources */ = {isa = PBXBuildFile; fileRef = C563B5E22BBDC91D009F8837 /* CustomAlignmentGuide.swift */; };
		C563B5E52BBDD0A7009F8837 /* AbsolutePositioning.swift in Sources */ = {isa = PBXBuildFile; fileRef = C563B5E42BBDD0A7009F8837 /* AbsolutePositioning.swift */; };
		C563B5E72BBDD2A0009F8837 /* ResizingImagesToFitTheScreen.swift in Sources */ = {isa = PBXBuildFile; fileRef = C563B5E62BBDD2A0009F8837 /* ResizingImagesToFitTheScreen.swift */; };
		C563B5E92BBDD96B009F8837 /* FramesAndCoordinatesInGeometryReader.swift in Sources */ = {isa = PBXBuildFile; fileRef = C563B5E82BBDD96B009F8837 /* FramesAndCoordinatesInGeometryReader.swift */; };
		C563B5EB2BBDDFDF009F8837 /* ScrollViewEffectsWithGeometryReader.swift in Sources */ = {isa = PBXBuildFile; fileRef = C563B5EA2BBDDFDF009F8837 /* ScrollViewEffectsWithGeometryReader.swift */; };
		C563B5ED2BBDE294009F8837 /* ScrollViewEffectsWithOtherTools.swift in Sources */ = {isa = PBXBuildFile; fileRef = C563B5EC2BBDE294009F8837 /* ScrollViewEffectsWithOtherTools.swift */; };
		C563B5EF2BBE016B009F8837 /* Challenge.swift in Sources */ = {isa = PBXBuildFile; fileRef = C563B5EE2BBE016B009F8837 /* Challenge.swift */; };
/* End PBXBuildFile section */

/* Begin PBXFileReference section */
		C563B5CB2BBDC28E009F8837 /* P18_LayoutAndGeometry_2024.app */ = {isa = PBXFileReference; explicitFileType = wrapper.application; includeInIndex = 0; path = P18_LayoutAndGeometry_2024.app; sourceTree = BUILT_PRODUCTS_DIR; };
		C563B5CE2BBDC28E009F8837 /* P18_LayoutAndGeometry_2024App.swift */ = {isa = PBXFileReference; lastKnownFileType = sourcecode.swift; path = P18_LayoutAndGeometry_2024App.swift; sourceTree = "<group>"; };
		C563B5D02BBDC28E009F8837 /* ContentView.swift */ = {isa = PBXFileReference; lastKnownFileType = sourcecode.swift; path = ContentView.swift; sourceTree = "<group>"; };
		C563B5D22BBDC28F009F8837 /* Assets.xcassets */ = {isa = PBXFileReference; lastKnownFileType = folder.assetcatalog; path = Assets.xcassets; sourceTree = "<group>"; };
		C563B5D42BBDC28F009F8837 /* P18_LayoutAndGeometry_2024.entitlements */ = {isa = PBXFileReference; lastKnownFileType = text.plist.entitlements; path = P18_LayoutAndGeometry_2024.entitlements; sourceTree = "<group>"; };
		C563B5D62BBDC28F009F8837 /* Preview Assets.xcassets */ = {isa = PBXFileReference; lastKnownFileType = folder.assetcatalog; path = "Preview Assets.xcassets"; sourceTree = "<group>"; };
		C563B5DE2BBDC365009F8837 /* HowLayoutsWork.swift */ = {isa = PBXFileReference; lastKnownFileType = sourcecode.swift; path = HowLayoutsWork.swift; sourceTree = "<group>"; };
		C563B5E02BBDC4FE009F8837 /* AlignmentAndAlignmentGuides.swift */ = {isa = PBXFileReference; lastKnownFileType = sourcecode.swift; path = AlignmentAndAlignmentGuides.swift; sourceTree = "<group>"; };
		C563B5E22BBDC91D009F8837 /* CustomAlignmentGuide.swift */ = {isa = PBXFileReference; lastKnownFileType = sourcecode.swift; path = CustomAlignmentGuide.swift; sourceTree = "<group>"; };
		C563B5E42BBDD0A7009F8837 /* AbsolutePositioning.swift */ = {isa = PBXFileReference; lastKnownFileType = sourcecode.swift; path = AbsolutePositioning.swift; sourceTree = "<group>"; };
		C563B5E62BBDD2A0009F8837 /* ResizingImagesToFitTheScreen.swift */ = {isa = PBXFileReference; lastKnownFileType = sourcecode.swift; path = ResizingImagesToFitTheScreen.swift; sourceTree = "<group>"; };
		C563B5E82BBDD96B009F8837 /* FramesAndCoordinatesInGeometryReader.swift */ = {isa = PBXFileReference; lastKnownFileType = sourcecode.swift; path = FramesAndCoordinatesInGeometryReader.swift; sourceTree = "<group>"; };
		C563B5EA2BBDDFDF009F8837 /* ScrollViewEffectsWithGeometryReader.swift */ = {isa = PBXFileReference; lastKnownFileType = sourcecode.swift; path = ScrollViewEffectsWithGeometryReader.swift; sourceTree = "<group>"; };
		C563B5EC2BBDE294009F8837 /* ScrollViewEffectsWithOtherTools.swift */ = {isa = PBXFileReference; lastKnownFileType = sourcecode.swift; path = ScrollViewEffectsWithOtherTools.swift; sourceTree = "<group>"; };
		C563B5EE2BBE016B009F8837 /* Challenge.swift */ = {isa = PBXFileReference; lastKnownFileType = sourcecode.swift; path = Challenge.swift; sourceTree = "<group>"; };
/* End PBXFileReference section */

/* Begin PBXFrameworksBuildPhase section */
		C563B5C82BBDC28E009F8837 /* Frameworks */ = {
			isa = PBXFrameworksBuildPhase;
			buildActionMask = 2147483647;
			files = (
			);
			runOnlyForDeploymentPostprocessing = 0;
		};
/* End PBXFrameworksBuildPhase section */

/* Begin PBXGroup section */
		C563B5C22BBDC28E009F8837 = {
			isa = PBXGroup;
			children = (
				C563B5CD2BBDC28E009F8837 /* P18_LayoutAndGeometry_2024 */,
				C563B5CC2BBDC28E009F8837 /* Products */,
			);
			sourceTree = "<group>";
		};
		C563B5CC2BBDC28E009F8837 /* Products */ = {
			isa = PBXGroup;
			children = (
				C563B5CB2BBDC28E009F8837 /* P18_LayoutAndGeometry_2024.app */,
			);
			name = Products;
			sourceTree = "<group>";
		};
		C563B5CD2BBDC28E009F8837 /* P18_LayoutAndGeometry_2024 */ = {
			isa = PBXGroup;
			children = (
				C563B5DD2BBDC2AE009F8837 /* Practice */,
				C563B5CE2BBDC28E009F8837 /* P18_LayoutAndGeometry_2024App.swift */,
				C563B5D02BBDC28E009F8837 /* ContentView.swift */,
				C563B5D22BBDC28F009F8837 /* Assets.xcassets */,
				C563B5D42BBDC28F009F8837 /* P18_LayoutAndGeometry_2024.entitlements */,
				C563B5D52BBDC28F009F8837 /* Preview Content */,
			);
			path = P18_LayoutAndGeometry_2024;
			sourceTree = "<group>";
		};
		C563B5D52BBDC28F009F8837 /* Preview Content */ = {
			isa = PBXGroup;
			children = (
				C563B5D62BBDC28F009F8837 /* Preview Assets.xcassets */,
			);
			path = "Preview Content";
			sourceTree = "<group>";
		};
		C563B5DD2BBDC2AE009F8837 /* Practice */ = {
			isa = PBXGroup;
			children = (
				C563B5DE2BBDC365009F8837 /* HowLayoutsWork.swift */,
				C563B5E02BBDC4FE009F8837 /* AlignmentAndAlignmentGuides.swift */,
				C563B5E22BBDC91D009F8837 /* CustomAlignmentGuide.swift */,
				C563B5E42BBDD0A7009F8837 /* AbsolutePositioning.swift */,
				C563B5E62BBDD2A0009F8837 /* ResizingImagesToFitTheScreen.swift */,
				C563B5E82BBDD96B009F8837 /* FramesAndCoordinatesInGeometryReader.swift */,
				C563B5EA2BBDDFDF009F8837 /* ScrollViewEffectsWithGeometryReader.swift */,
				C563B5EC2BBDE294009F8837 /* ScrollViewEffectsWithOtherTools.swift */,
				C563B5EE2BBE016B009F8837 /* Challenge.swift */,
			);
			path = Practice;
			sourceTree = "<group>";
		};
/* End PBXGroup section */

/* Begin PBXNativeTarget section */
		C563B5CA2BBDC28E009F8837 /* P18_LayoutAndGeometry_2024 */ = {
			isa = PBXNativeTarget;
			buildConfigurationList = C563B5DA2BBDC28F009F8837 /* Build configuration list for PBXNativeTarget "P18_LayoutAndGeometry_2024" */;
			buildPhases = (
				C563B5C72BBDC28E009F8837 /* Sources */,
				C563B5C82BBDC28E009F8837 /* Frameworks */,
				C563B5C92BBDC28E009F8837 /* Resources */,
			);
			buildRules = (
			);
			dependencies = (
			);
			name = P18_LayoutAndGeometry_2024;
			productName = P18_LayoutAndGeometry_2024;
			productReference = C563B5CB2BBDC28E009F8837 /* P18_LayoutAndGeometry_2024.app */;
			productType = "com.apple.product-type.application";
		};
/* End PBXNativeTarget section */

/* Begin PBXProject section */
		C563B5C32BBDC28E009F8837 /* Project object */ = {
			isa = PBXProject;
			attributes = {
				BuildIndependentTargetsInParallel = 1;
				LastSwiftUpdateCheck = 1530;
				LastUpgradeCheck = 1530;
				TargetAttributes = {
					C563B5CA2BBDC28E009F8837 = {
						CreatedOnToolsVersion = 15.3;
					};
				};
			};
			buildConfigurationList = C563B5C62BBDC28E009F8837 /* Build configuration list for PBXProject "P18_LayoutAndGeometry_2024" */;
			compatibilityVersion = "Xcode 14.0";
			developmentRegion = en;
			hasScannedForEncodings = 0;
			knownRegions = (
				en,
				Base,
			);
			mainGroup = C563B5C22BBDC28E009F8837;
			productRefGroup = C563B5CC2BBDC28E009F8837 /* Products */;
			projectDirPath = "";
			projectRoot = "";
			targets = (
				C563B5CA2BBDC28E009F8837 /* P18_LayoutAndGeometry_2024 */,
			);
		};
/* End PBXProject section */

/* Begin PBXResourcesBuildPhase section */
		C563B5C92BBDC28E009F8837 /* Resources */ = {
			isa = PBXResourcesBuildPhase;
			buildActionMask = 2147483647;
			files = (
				C563B5D72BBDC28F009F8837 /* Preview Assets.xcassets in Resources */,
				C563B5D32BBDC28F009F8837 /* Assets.xcassets in Resources */,
			);
			runOnlyForDeploymentPostprocessing = 0;
		};
/* End PBXResourcesBuildPhase section */

/* Begin PBXSourcesBuildPhase section */
		C563B5C72BBDC28E009F8837 /* Sources */ = {
			isa = PBXSourcesBuildPhase;
			buildActionMask = 2147483647;
			files = (
				C563B5E32BBDC91D009F8837 /* CustomAlignmentGuide.swift in Sources */,
				C563B5ED2BBDE294009F8837 /* ScrollViewEffectsWithOtherTools.swift in Sources */,
				C563B5EB2BBDDFDF009F8837 /* ScrollViewEffectsWithGeometryReader.swift in Sources */,
				C563B5D12BBDC28E009F8837 /* ContentView.swift in Sources */,
				C563B5EF2BBE016B009F8837 /* Challenge.swift in Sources */,
				C563B5E72BBDD2A0009F8837 /* ResizingImagesToFitTheScreen.swift in Sources */,
				C563B5CF2BBDC28E009F8837 /* P18_LayoutAndGeometry_2024App.swift in Sources */,
				C563B5E12BBDC4FE009F8837 /* AlignmentAndAlignmentGuides.swift in Sources */,
				C563B5E52BBDD0A7009F8837 /* AbsolutePositioning.swift in Sources */,
				C563B5DF2BBDC365009F8837 /* HowLayoutsWork.swift in Sources */,
				C563B5E92BBDD96B009F8837 /* FramesAndCoordinatesInGeometryReader.swift in Sources */,
			);
			runOnlyForDeploymentPostprocessing = 0;
		};
/* End PBXSourcesBuildPhase section */

/* Begin XCBuildConfiguration section */
		C563B5D82BBDC28F009F8837 /* Debug */ = {
			isa = XCBuildConfiguration;
			buildSettings = {
				ALWAYS_SEARCH_USER_PATHS = NO;
				ASSETCATALOG_COMPILER_GENERATE_SWIFT_ASSET_SYMBOL_EXTENSIONS = YES;
				CLANG_ANALYZER_NONNULL = YES;
				CLANG_ANALYZER_NUMBER_OBJECT_CONVERSION = YES_AGGRESSIVE;
				CLANG_CXX_LANGUAGE_STANDARD = "gnu++20";
				CLANG_ENABLE_MODULES = YES;
				CLANG_ENABLE_OBJC_ARC = YES;
				CLANG_ENABLE_OBJC_WEAK = YES;
				CLANG_WARN_BLOCK_CAPTURE_AUTORELEASING = YES;
				CLANG_WARN_BOOL_CONVERSION = YES;
				CLANG_WARN_COMMA = YES;
				CLANG_WARN_CONSTANT_CONVERSION = YES;
				CLANG_WARN_DEPRECATED_OBJC_IMPLEMENTATIONS = YES;
				CLANG_WARN_DIRECT_OBJC_ISA_USAGE = YES_ERROR;
				CLANG_WARN_DOCUMENTATION_COMMENTS = YES;
				CLANG_WARN_EMPTY_BODY = YES;
				CLANG_WARN_ENUM_CONVERSION = YES;
				CLANG_WARN_INFINITE_RECURSION = YES;
				CLANG_WARN_INT_CONVERSION = YES;
				CLANG_WARN_NON_LITERAL_NULL_CONVERSION = YES;
				CLANG_WARN_OBJC_IMPLICIT_RETAIN_SELF = YES;
				CLANG_WARN_OBJC_LITERAL_CONVERSION = YES;
				CLANG_WARN_OBJC_ROOT_CLASS = YES_ERROR;
				CLANG_WARN_QUOTED_INCLUDE_IN_FRAMEWORK_HEADER = YES;
				CLANG_WARN_RANGE_LOOP_ANALYSIS = YES;
				CLANG_WARN_STRICT_PROTOTYPES = YES;
				CLANG_WARN_SUSPICIOUS_MOVE = YES;
				CLANG_WARN_UNGUARDED_AVAILABILITY = YES_AGGRESSIVE;
				CLANG_WARN_UNREACHABLE_CODE = YES;
				CLANG_WARN__DUPLICATE_METHOD_MATCH = YES;
				COPY_PHASE_STRIP = NO;
				DEBUG_INFORMATION_FORMAT = dwarf;
				ENABLE_STRICT_OBJC_MSGSEND = YES;
				ENABLE_TESTABILITY = YES;
				ENABLE_USER_SCRIPT_SANDBOXING = YES;
				GCC_C_LANGUAGE_STANDARD = gnu17;
				GCC_DYNAMIC_NO_PIC = NO;
				GCC_NO_COMMON_BLOCKS = YES;
				GCC_OPTIMIZATION_LEVEL = 0;
				GCC_PREPROCESSOR_DEFINITIONS = (
					"DEBUG=1",
					"$(inherited)",
				);
				GCC_WARN_64_TO_32_BIT_CONVERSION = YES;
				GCC_WARN_ABOUT_RETURN_TYPE = YES_ERROR;
				GCC_WARN_UNDECLARED_SELECTOR = YES;
				GCC_WARN_UNINITIALIZED_AUTOS = YES_AGGRESSIVE;
				GCC_WARN_UNUSED_FUNCTION = YES;
				GCC_WARN_UNUSED_VARIABLE = YES;
				LOCALIZATION_PREFERS_STRING_CATALOGS = YES;
				MTL_ENABLE_DEBUG_INFO = INCLUDE_SOURCE;
				MTL_FAST_MATH = YES;
				ONLY_ACTIVE_ARCH = YES;
				SWIFT_ACTIVE_COMPILATION_CONDITIONS = "DEBUG $(inherited)";
				SWIFT_OPTIMIZATION_LEVEL = "-Onone";
			};
			name = Debug;
		};
		C563B5D92BBDC28F009F8837 /* Release */ = {
			isa = XCBuildConfiguration;
			buildSettings = {
				ALWAYS_SEARCH_USER_PATHS = NO;
				ASSETCATALOG_COMPILER_GENERATE_SWIFT_ASSET_SYMBOL_EXTENSIONS = YES;
				CLANG_ANALYZER_NONNULL = YES;
				CLANG_ANALYZER_NUMBER_OBJECT_CONVERSION = YES_AGGRESSIVE;
				CLANG_CXX_LANGUAGE_STANDARD = "gnu++20";
				CLANG_ENABLE_MODULES = YES;
				CLANG_ENABLE_OBJC_ARC = YES;
				CLANG_ENABLE_OBJC_WEAK = YES;
				CLANG_WARN_BLOCK_CAPTURE_AUTORELEASING = YES;
				CLANG_WARN_BOOL_CONVERSION = YES;
				CLANG_WARN_COMMA = YES;
				CLANG_WARN_CONSTANT_CONVERSION = YES;
				CLANG_WARN_DEPRECATED_OBJC_IMPLEMENTATIONS = YES;
				CLANG_WARN_DIRECT_OBJC_ISA_USAGE = YES_ERROR;
				CLANG_WARN_DOCUMENTATION_COMMENTS = YES;
				CLANG_WARN_EMPTY_BODY = YES;
				CLANG_WARN_ENUM_CONVERSION = YES;
				CLANG_WARN_INFINITE_RECURSION = YES;
				CLANG_WARN_INT_CONVERSION = YES;
				CLANG_WARN_NON_LITERAL_NULL_CONVERSION = YES;
				CLANG_WARN_OBJC_IMPLICIT_RETAIN_SELF = YES;
				CLANG_WARN_OBJC_LITERAL_CONVERSION = YES;
				CLANG_WARN_OBJC_ROOT_CLASS = YES_ERROR;
				CLANG_WARN_QUOTED_INCLUDE_IN_FRAMEWORK_HEADER = YES;
				CLANG_WARN_RANGE_LOOP_ANALYSIS = YES;
				CLANG_WARN_STRICT_PROTOTYPES = YES;
				CLANG_WARN_SUSPICIOUS_MOVE = YES;
				CLANG_WARN_UNGUARDED_AVAILABILITY = YES_AGGRESSIVE;
				CLANG_WARN_UNREACHABLE_CODE = YES;
				CLANG_WARN__DUPLICATE_METHOD_MATCH = YES;
				COPY_PHASE_STRIP = NO;
				DEBUG_INFORMATION_FORMAT = "dwarf-with-dsym";
				ENABLE_NS_ASSERTIONS = NO;
				ENABLE_STRICT_OBJC_MSGSEND = YES;
				ENABLE_USER_SCRIPT_SANDBOXING = YES;
				GCC_C_LANGUAGE_STANDARD = gnu17;
				GCC_NO_COMMON_BLOCKS = YES;
				GCC_WARN_64_TO_32_BIT_CONVERSION = YES;
				GCC_WARN_ABOUT_RETURN_TYPE = YES_ERROR;
				GCC_WARN_UNDECLARED_SELECTOR = YES;
				GCC_WARN_UNINITIALIZED_AUTOS = YES_AGGRESSIVE;
				GCC_WARN_UNUSED_FUNCTION = YES;
				GCC_WARN_UNUSED_VARIABLE = YES;
				LOCALIZATION_PREFERS_STRING_CATALOGS = YES;
				MTL_ENABLE_DEBUG_INFO = NO;
				MTL_FAST_MATH = YES;
				SWIFT_COMPILATION_MODE = wholemodule;
			};
			name = Release;
		};
		C563B5DB2BBDC28F009F8837 /* Debug */ = {
			isa = XCBuildConfiguration;
			buildSettings = {
				ASSETCATALOG_COMPILER_APPICON_NAME = AppIcon;
				ASSETCATALOG_COMPILER_GLOBAL_ACCENT_COLOR_NAME = AccentColor;
				CODE_SIGN_ENTITLEMENTS = P18_LayoutAndGeometry_2024/P18_LayoutAndGeometry_2024.entitlements;
				CODE_SIGN_STYLE = Automatic;
				CURRENT_PROJECT_VERSION = 1;
				DEVELOPMENT_ASSET_PATHS = "\"P18_LayoutAndGeometry_2024/Preview Content\"";
				DEVELOPMENT_TEAM = KZWJGZQGWZ;
				ENABLE_HARDENED_RUNTIME = YES;
				ENABLE_PREVIEWS = YES;
				GENERATE_INFOPLIST_FILE = YES;
				"INFOPLIST_KEY_UIApplicationSceneManifest_Generation[sdk=iphoneos*]" = YES;
				"INFOPLIST_KEY_UIApplicationSceneManifest_Generation[sdk=iphonesimulator*]" = YES;
				"INFOPLIST_KEY_UIApplicationSupportsIndirectInputEvents[sdk=iphoneos*]" = YES;
				"INFOPLIST_KEY_UIApplicationSupportsIndirectInputEvents[sdk=iphonesimulator*]" = YES;
				"INFOPLIST_KEY_UILaunchScreen_Generation[sdk=iphoneos*]" = YES;
				"INFOPLIST_KEY_UILaunchScreen_Generation[sdk=iphonesimulator*]" = YES;
				"INFOPLIST_KEY_UIStatusBarStyle[sdk=iphoneos*]" = UIStatusBarStyleDefault;
				"INFOPLIST_KEY_UIStatusBarStyle[sdk=iphonesimulator*]" = UIStatusBarStyleDefault;
				INFOPLIST_KEY_UISupportedInterfaceOrientations_iPad = "UIInterfaceOrientationPortrait UIInterfaceOrientationPortraitUpsideDown UIInterfaceOrientationLandscapeLeft UIInterfaceOrientationLandscapeRight";
				INFOPLIST_KEY_UISupportedInterfaceOrientations_iPhone = "UIInterfaceOrientationPortrait UIInterfaceOrientationLandscapeLeft UIInterfaceOrientationLandscapeRight";
				IPHONEOS_DEPLOYMENT_TARGET = 17.4;
				LD_RUNPATH_SEARCH_PATHS = "@executable_path/Frameworks";
				"LD_RUNPATH_SEARCH_PATHS[sdk=macosx*]" = "@executable_path/../Frameworks";
				MACOSX_DEPLOYMENT_TARGET = 14.4;
				MARKETING_VERSION = 1.0;
				PRODUCT_BUNDLE_IDENTIFIER = "TyVaughan.P18-LayoutAndGeometry-2024";
				PRODUCT_NAME = "$(TARGET_NAME)";
				SDKROOT = auto;
				SUPPORTED_PLATFORMS = "iphoneos iphonesimulator macosx";
				SWIFT_EMIT_LOC_STRINGS = YES;
				SWIFT_VERSION = 5.0;
				TARGETED_DEVICE_FAMILY = "1,2";
			};
			name = Debug;
		};
		C563B5DC2BBDC28F009F8837 /* Release */ = {
			isa = XCBuildConfiguration;
			buildSettings = {
				ASSETCATALOG_COMPILER_APPICON_NAME = AppIcon;
				ASSETCATALOG_COMPILER_GLOBAL_ACCENT_COLOR_NAME = AccentColor;
				CODE_SIGN_ENTITLEMENTS = P18_LayoutAndGeometry_2024/P18_LayoutAndGeometry_2024.entitlements;
				CODE_SIGN_STYLE = Automatic;
				CURRENT_PROJECT_VERSION = 1;
				DEVELOPMENT_ASSET_PATHS = "\"P18_LayoutAndGeometry_2024/Preview Content\"";
				DEVELOPMENT_TEAM = KZWJGZQGWZ;
				ENABLE_HARDENED_RUNTIME = YES;
				ENABLE_PREVIEWS = YES;
				GENERATE_INFOPLIST_FILE = YES;
				"INFOPLIST_KEY_UIApplicationSceneManifest_Generation[sdk=iphoneos*]" = YES;
				"INFOPLIST_KEY_UIApplicationSceneManifest_Generation[sdk=iphonesimulator*]" = YES;
				"INFOPLIST_KEY_UIApplicationSupportsIndirectInputEvents[sdk=iphoneos*]" = YES;
				"INFOPLIST_KEY_UIApplicationSupportsIndirectInputEvents[sdk=iphonesimulator*]" = YES;
				"INFOPLIST_KEY_UILaunchScreen_Generation[sdk=iphoneos*]" = YES;
				"INFOPLIST_KEY_UILaunchScreen_Generation[sdk=iphonesimulator*]" = YES;
				"INFOPLIST_KEY_UIStatusBarStyle[sdk=iphoneos*]" = UIStatusBarStyleDefault;
				"INFOPLIST_KEY_UIStatusBarStyle[sdk=iphonesimulator*]" = UIStatusBarStyleDefault;
				INFOPLIST_KEY_UISupportedInterfaceOrientations_iPad = "UIInterfaceOrientationPortrait UIInterfaceOrientationPortraitUpsideDown UIInterfaceOrientationLandscapeLeft UIInterfaceOrientationLandscapeRight";
				INFOPLIST_KEY_UISupportedInterfaceOrientations_iPhone = "UIInterfaceOrientationPortrait UIInterfaceOrientationLandscapeLeft UIInterfaceOrientationLandscapeRight";
				IPHONEOS_DEPLOYMENT_TARGET = 17.4;
				LD_RUNPATH_SEARCH_PATHS = "@executable_path/Frameworks";
				"LD_RUNPATH_SEARCH_PATHS[sdk=macosx*]" = "@executable_path/../Frameworks";
				MACOSX_DEPLOYMENT_TARGET = 14.4;
				MARKETING_VERSION = 1.0;
				PRODUCT_BUNDLE_IDENTIFIER = "TyVaughan.P18-LayoutAndGeometry-2024";
				PRODUCT_NAME = "$(TARGET_NAME)";
				SDKROOT = auto;
				SUPPORTED_PLATFORMS = "iphoneos iphonesimulator macosx";
				SWIFT_EMIT_LOC_STRINGS = YES;
				SWIFT_VERSION = 5.0;
				TARGETED_DEVICE_FAMILY = "1,2";
			};
			name = Release;
		};
/* End XCBuildConfiguration section */

/* Begin XCConfigurationList section */
		C563B5C62BBDC28E009F8837 /* Build configuration list for PBXProject "P18_LayoutAndGeometry_2024" */ = {
			isa = XCConfigurationList;
			buildConfigurations = (
				C563B5D82BBDC28F009F8837 /* Debug */,
				C563B5D92BBDC28F009F8837 /* Release */,
			);
			defaultConfigurationIsVisible = 0;
			defaultConfigurationName = Release;
		};
		C563B5DA2BBDC28F009F8837 /* Build configuration list for PBXNativeTarget "P18_LayoutAndGeometry_2024" */ = {
			isa = XCConfigurationList;
			buildConfigurations = (
				C563B5DB2BBDC28F009F8837 /* Debug */,
				C563B5DC2BBDC28F009F8837 /* Release */,
			);
			defaultConfigurationIsVisible = 0;
			defaultConfigurationName = Release;
		};
/* End XCConfigurationList section */
	};
	rootObject = C563B5C32BBDC28E009F8837 /* Project object */;
}
