// !$*UTF8*$!
{
	archiveVersion = 1;
	classes = {
	};
	objectVersion = 56;
	objects = {

/* Begin PBXBuildFile section */
		C56F2A542B87B179009C6871 /* M1_RockPaperScissors_2024App.swift in Sources */ = {isa = PBXBuildFile; fileRef = C56F2A532B87B179009C6871 /* M1_RockPaperScissors_2024App.swift */; };
		C56F2A562B87B179009C6871 /* ContentView.swift in Sources */ = {isa = PBXBuildFile; fileRef = C56F2A552B87B179009C6871 /* ContentView.swift */; };
		C56F2A582B87B17A009C6871 /* Assets.xcassets in Resources */ = {isa = PBXBuildFile; fileRef = C56F2A572B87B17A009C6871 /* Assets.xcassets */; };
		C56F2A5B2B87B17A009C6871 /* Preview Assets.xcassets in Resources */ = {isa = PBXBuildFile; fileRef = C56F2A5A2B87B17A009C6871 /* Preview Assets.xcassets */; };
		C56F2A642B87B250009C6871 /* MoveEnum.swift in Sources */ = {isa = PBXBuildFile; fileRef = C56F2A632B87B250009C6871 /* MoveEnum.swift */; };
		C56F2A672B87B3CE009C6871 /* MoveButton.swift in Sources */ = {isa = PBXBuildFile; fileRef = C56F2A662B87B3CE009C6871 /* MoveButton.swift */; };
		C56F2A692B87B869009C6871 /* Constants.swift in Sources */ = {isa = PBXBuildFile; fileRef = C56F2A682B87B869009C6871 /* Constants.swift */; };
/* End PBXBuildFile section */

/* Begin PBXFileReference section */
		C56F2A502B87B179009C6871 /* M1_RockPaperScissors_2024.app */ = {isa = PBXFileReference; explicitFileType = wrapper.application; includeInIndex = 0; path = M1_RockPaperScissors_2024.app; sourceTree = BUILT_PRODUCTS_DIR; };
		C56F2A532B87B179009C6871 /* M1_RockPaperScissors_2024App.swift */ = {isa = PBXFileReference; lastKnownFileType = sourcecode.swift; path = M1_RockPaperScissors_2024App.swift; sourceTree = "<group>"; };
		C56F2A552B87B179009C6871 /* ContentView.swift */ = {isa = PBXFileReference; lastKnownFileType = sourcecode.swift; path = ContentView.swift; sourceTree = "<group>"; };
		C56F2A572B87B17A009C6871 /* Assets.xcassets */ = {isa = PBXFileReference; lastKnownFileType = folder.assetcatalog; path = Assets.xcassets; sourceTree = "<group>"; };
		C56F2A5A2B87B17A009C6871 /* Preview Assets.xcassets */ = {isa = PBXFileReference; lastKnownFileType = folder.assetcatalog; path = "Preview Assets.xcassets"; sourceTree = "<group>"; };
		C56F2A632B87B250009C6871 /* MoveEnum.swift */ = {isa = PBXFileReference; lastKnownFileType = sourcecode.swift; path = MoveEnum.swift; sourceTree = "<group>"; };
		C56F2A662B87B3CE009C6871 /* MoveButton.swift */ = {isa = PBXFileReference; lastKnownFileType = sourcecode.swift; path = MoveButton.swift; sourceTree = "<group>"; };
		C56F2A682B87B869009C6871 /* Constants.swift */ = {isa = PBXFileReference; lastKnownFileType = sourcecode.swift; path = Constants.swift; sourceTree = "<group>"; };
/* End PBXFileReference section */

/* Begin PBXFrameworksBuildPhase section */
		C56F2A4D2B87B179009C6871 /* Frameworks */ = {
			isa = PBXFrameworksBuildPhase;
			buildActionMask = 2147483647;
			files = (
			);
			runOnlyForDeploymentPostprocessing = 0;
		};
/* End PBXFrameworksBuildPhase section */

/* Begin PBXGroup section */
		C56F2A472B87B179009C6871 = {
			isa = PBXGroup;
			children = (
				C56F2A522B87B179009C6871 /* M1_RockPaperScissors_2024 */,
				C56F2A512B87B179009C6871 /* Products */,
			);
			sourceTree = "<group>";
		};
		C56F2A512B87B179009C6871 /* Products */ = {
			isa = PBXGroup;
			children = (
				C56F2A502B87B179009C6871 /* M1_RockPaperScissors_2024.app */,
			);
			name = Products;
			sourceTree = "<group>";
		};
		C56F2A522B87B179009C6871 /* M1_RockPaperScissors_2024 */ = {
			isa = PBXGroup;
			children = (
				C56F2A612B87B216009C6871 /* Shared */,
				C56F2A532B87B179009C6871 /* M1_RockPaperScissors_2024App.swift */,
				C56F2A552B87B179009C6871 /* ContentView.swift */,
				C56F2A572B87B17A009C6871 /* Assets.xcassets */,
				C56F2A592B87B17A009C6871 /* Preview Content */,
			);
			path = M1_RockPaperScissors_2024;
			sourceTree = "<group>";
		};
		C56F2A592B87B17A009C6871 /* Preview Content */ = {
			isa = PBXGroup;
			children = (
				C56F2A5A2B87B17A009C6871 /* Preview Assets.xcassets */,
			);
			path = "Preview Content";
			sourceTree = "<group>";
		};
		C56F2A612B87B216009C6871 /* Shared */ = {
			isa = PBXGroup;
			children = (
				C56F2A652B87B356009C6871 /* Components */,
				C56F2A622B87B221009C6871 /* Enums */,
				C56F2A682B87B869009C6871 /* Constants.swift */,
			);
			path = Shared;
			sourceTree = "<group>";
		};
		C56F2A622B87B221009C6871 /* Enums */ = {
			isa = PBXGroup;
			children = (
				C56F2A632B87B250009C6871 /* MoveEnum.swift */,
			);
			path = Enums;
			sourceTree = "<group>";
		};
		C56F2A652B87B356009C6871 /* Components */ = {
			isa = PBXGroup;
			children = (
				C56F2A662B87B3CE009C6871 /* MoveButton.swift */,
			);
			path = Components;
			sourceTree = "<group>";
		};
/* End PBXGroup section */

/* Begin PBXNativeTarget section */
		C56F2A4F2B87B179009C6871 /* M1_RockPaperScissors_2024 */ = {
			isa = PBXNativeTarget;
			buildConfigurationList = C56F2A5E2B87B17A009C6871 /* Build configuration list for PBXNativeTarget "M1_RockPaperScissors_2024" */;
			buildPhases = (
				C56F2A4C2B87B179009C6871 /* Sources */,
				C56F2A4D2B87B179009C6871 /* Frameworks */,
				C56F2A4E2B87B179009C6871 /* Resources */,
			);
			buildRules = (
			);
			dependencies = (
			);
			name = M1_RockPaperScissors_2024;
			productName = M1_RockPaperScissors_2024;
			productReference = C56F2A502B87B179009C6871 /* M1_RockPaperScissors_2024.app */;
			productType = "com.apple.product-type.application";
		};
/* End PBXNativeTarget section */

/* Begin PBXProject section */
		C56F2A482B87B179009C6871 /* Project object */ = {
			isa = PBXProject;
			attributes = {
				BuildIndependentTargetsInParallel = 1;
				LastSwiftUpdateCheck = 1520;
				LastUpgradeCheck = 1520;
				TargetAttributes = {
					C56F2A4F2B87B179009C6871 = {
						CreatedOnToolsVersion = 15.2;
					};
				};
			};
			buildConfigurationList = C56F2A4B2B87B179009C6871 /* Build configuration list for PBXProject "M1_RockPaperScissors_2024" */;
			compatibilityVersion = "Xcode 14.0";
			developmentRegion = en;
			hasScannedForEncodings = 0;
			knownRegions = (
				en,
				Base,
			);
			mainGroup = C56F2A472B87B179009C6871;
			productRefGroup = C56F2A512B87B179009C6871 /* Products */;
			projectDirPath = "";
			projectRoot = "";
			targets = (
				C56F2A4F2B87B179009C6871 /* M1_RockPaperScissors_2024 */,
			);
		};
/* End PBXProject section */

/* Begin PBXResourcesBuildPhase section */
		C56F2A4E2B87B179009C6871 /* Resources */ = {
			isa = PBXResourcesBuildPhase;
			buildActionMask = 2147483647;
			files = (
				C56F2A5B2B87B17A009C6871 /* Preview Assets.xcassets in Resources */,
				C56F2A582B87B17A009C6871 /* Assets.xcassets in Resources */,
			);
			runOnlyForDeploymentPostprocessing = 0;
		};
/* End PBXResourcesBuildPhase section */

/* Begin PBXSourcesBuildPhase section */
		C56F2A4C2B87B179009C6871 /* Sources */ = {
			isa = PBXSourcesBuildPhase;
			buildActionMask = 2147483647;
			files = (
				C56F2A692B87B869009C6871 /* Constants.swift in Sources */,
				C56F2A642B87B250009C6871 /* MoveEnum.swift in Sources */,
				C56F2A562B87B179009C6871 /* ContentView.swift in Sources */,
				C56F2A672B87B3CE009C6871 /* MoveButton.swift in Sources */,
				C56F2A542B87B179009C6871 /* M1_RockPaperScissors_2024App.swift in Sources */,
			);
			runOnlyForDeploymentPostprocessing = 0;
		};
/* End PBXSourcesBuildPhase section */

/* Begin XCBuildConfiguration section */
		C56F2A5C2B87B17A009C6871 /* Debug */ = {
			isa = XCBuildConfiguration;
			buildSettings = {
				ALWAYS_SEARCH_USER_PATHS = NO;
				ASSETCATALOG_COMPILER_GENERATE_SWIFT_ASSET_SYMBOL_EXTENSIONS = YES;
				CLANG_ANALYZER_NONNULL = YES;
				CLANG_ANALYZER_NUMBER_OBJECT_CONVERSION = YES_AGGRESSIVE;
				CLANG_CXX_LANGUAGE_STANDARD = "gnu++20";
				CLANG_ENABLE_MODULES = YES;
				CLANG_ENABLE_OBJC_ARC = YES;
				CLANG_ENABLE_OBJC_WEAK = YES;
				CLANG_WARN_BLOCK_CAPTURE_AUTORELEASING = YES;
				CLANG_WARN_BOOL_CONVERSION = YES;
				CLANG_WARN_COMMA = YES;
				CLANG_WARN_CONSTANT_CONVERSION = YES;
				CLANG_WARN_DEPRECATED_OBJC_IMPLEMENTATIONS = YES;
				CLANG_WARN_DIRECT_OBJC_ISA_USAGE = YES_ERROR;
				CLANG_WARN_DOCUMENTATION_COMMENTS = YES;
				CLANG_WARN_EMPTY_BODY = YES;
				CLANG_WARN_ENUM_CONVERSION = YES;
				CLANG_WARN_INFINITE_RECURSION = YES;
				CLANG_WARN_INT_CONVERSION = YES;
				CLANG_WARN_NON_LITERAL_NULL_CONVERSION = YES;
				CLANG_WARN_OBJC_IMPLICIT_RETAIN_SELF = YES;
				CLANG_WARN_OBJC_LITERAL_CONVERSION = YES;
				CLANG_WARN_OBJC_ROOT_CLASS = YES_ERROR;
				CLANG_WARN_QUOTED_INCLUDE_IN_FRAMEWORK_HEADER = YES;
				CLANG_WARN_RANGE_LOOP_ANALYSIS = YES;
				CLANG_WARN_STRICT_PROTOTYPES = YES;
				CLANG_WARN_SUSPICIOUS_MOVE = YES;
				CLANG_WARN_UNGUARDED_AVAILABILITY = YES_AGGRESSIVE;
				CLANG_WARN_UNREACHABLE_CODE = YES;
				CLANG_WARN__DUPLICATE_METHOD_MATCH = YES;
				COPY_PHASE_STRIP = NO;
				DEBUG_INFORMATION_FORMAT = dwarf;
				ENABLE_STRICT_OBJC_MSGSEND = YES;
				ENABLE_TESTABILITY = YES;
				ENABLE_USER_SCRIPT_SANDBOXING = YES;
				GCC_C_LANGUAGE_STANDARD = gnu17;
				GCC_DYNAMIC_NO_PIC = NO;
				GCC_NO_COMMON_BLOCKS = YES;
				GCC_OPTIMIZATION_LEVEL = 0;
				GCC_PREPROCESSOR_DEFINITIONS = (
					"DEBUG=1",
					"$(inherited)",
				);
				GCC_WARN_64_TO_32_BIT_CONVERSION = YES;
				GCC_WARN_ABOUT_RETURN_TYPE = YES_ERROR;
				GCC_WARN_UNDECLARED_SELECTOR = YES;
				GCC_WARN_UNINITIALIZED_AUTOS = YES_AGGRESSIVE;
				GCC_WARN_UNUSED_FUNCTION = YES;
				GCC_WARN_UNUSED_VARIABLE = YES;
				IPHONEOS_DEPLOYMENT_TARGET = 17.2;
				LOCALIZATION_PREFERS_STRING_CATALOGS = YES;
				MTL_ENABLE_DEBUG_INFO = INCLUDE_SOURCE;
				MTL_FAST_MATH = YES;
				ONLY_ACTIVE_ARCH = YES;
				SDKROOT = iphoneos;
				SWIFT_ACTIVE_COMPILATION_CONDITIONS = "DEBUG $(inherited)";
				SWIFT_OPTIMIZATION_LEVEL = "-Onone";
			};
			name = Debug;
		};
		C56F2A5D2B87B17A009C6871 /* Release */ = {
			isa = XCBuildConfiguration;
			buildSettings = {
				ALWAYS_SEARCH_USER_PATHS = NO;
				ASSETCATALOG_COMPILER_GENERATE_SWIFT_ASSET_SYMBOL_EXTENSIONS = YES;
				CLANG_ANALYZER_NONNULL = YES;
				CLANG_ANALYZER_NUMBER_OBJECT_CONVERSION = YES_AGGRESSIVE;
				CLANG_CXX_LANGUAGE_STANDARD = "gnu++20";
				CLANG_ENABLE_MODULES = YES;
				CLANG_ENABLE_OBJC_ARC = YES;
				CLANG_ENABLE_OBJC_WEAK = YES;
				CLANG_WARN_BLOCK_CAPTURE_AUTORELEASING = YES;
				CLANG_WARN_BOOL_CONVERSION = YES;
				CLANG_WARN_COMMA = YES;
				CLANG_WARN_CONSTANT_CONVERSION = YES;
				CLANG_WARN_DEPRECATED_OBJC_IMPLEMENTATIONS = YES;
				CLANG_WARN_DIRECT_OBJC_ISA_USAGE = YES_ERROR;
				CLANG_WARN_DOCUMENTATION_COMMENTS = YES;
				CLANG_WARN_EMPTY_BODY = YES;
				CLANG_WARN_ENUM_CONVERSION = YES;
				CLANG_WARN_INFINITE_RECURSION = YES;
				CLANG_WARN_INT_CONVERSION = YES;
				CLANG_WARN_NON_LITERAL_NULL_CONVERSION = YES;
				CLANG_WARN_OBJC_IMPLICIT_RETAIN_SELF = YES;
				CLANG_WARN_OBJC_LITERAL_CONVERSION = YES;
				CLANG_WARN_OBJC_ROOT_CLASS = YES_ERROR;
				CLANG_WARN_QUOTED_INCLUDE_IN_FRAMEWORK_HEADER = YES;
				CLANG_WARN_RANGE_LOOP_ANALYSIS = YES;
				CLANG_WARN_STRICT_PROTOTYPES = YES;
				CLANG_WARN_SUSPICIOUS_MOVE = YES;
				CLANG_WARN_UNGUARDED_AVAILABILITY = YES_AGGRESSIVE;
				CLANG_WARN_UNREACHABLE_CODE = YES;
				CLANG_WARN__DUPLICATE_METHOD_MATCH = YES;
				COPY_PHASE_STRIP = NO;
				DEBUG_INFORMATION_FORMAT = "dwarf-with-dsym";
				ENABLE_NS_ASSERTIONS = NO;
				ENABLE_STRICT_OBJC_MSGSEND = YES;
				ENABLE_USER_SCRIPT_SANDBOXING = YES;
				GCC_C_LANGUAGE_STANDARD = gnu17;
				GCC_NO_COMMON_BLOCKS = YES;
				GCC_WARN_64_TO_32_BIT_CONVERSION = YES;
				GCC_WARN_ABOUT_RETURN_TYPE = YES_ERROR;
				GCC_WARN_UNDECLARED_SELECTOR = YES;
				GCC_WARN_UNINITIALIZED_AUTOS = YES_AGGRESSIVE;
				GCC_WARN_UNUSED_FUNCTION = YES;
				GCC_WARN_UNUSED_VARIABLE = YES;
				IPHONEOS_DEPLOYMENT_TARGET = 17.2;
				LOCALIZATION_PREFERS_STRING_CATALOGS = YES;
				MTL_ENABLE_DEBUG_INFO = NO;
				MTL_FAST_MATH = YES;
				SDKROOT = iphoneos;
				SWIFT_COMPILATION_MODE = wholemodule;
				VALIDATE_PRODUCT = YES;
			};
			name = Release;
		};
		C56F2A5F2B87B17A009C6871 /* Debug */ = {
			isa = XCBuildConfiguration;
			buildSettings = {
				ASSETCATALOG_COMPILER_APPICON_NAME = AppIcon;
				ASSETCATALOG_COMPILER_GLOBAL_ACCENT_COLOR_NAME = AccentColor;
				CODE_SIGN_STYLE = Automatic;
				CURRENT_PROJECT_VERSION = 1;
				DEVELOPMENT_ASSET_PATHS = "\"M1_RockPaperScissors_2024/Preview Content\"";
				DEVELOPMENT_TEAM = KZWJGZQGWZ;
				ENABLE_PREVIEWS = YES;
				GENERATE_INFOPLIST_FILE = YES;
				INFOPLIST_KEY_UIApplicationSceneManifest_Generation = YES;
				INFOPLIST_KEY_UIApplicationSupportsIndirectInputEvents = YES;
				INFOPLIST_KEY_UILaunchScreen_Generation = YES;
				INFOPLIST_KEY_UISupportedInterfaceOrientations_iPad = "UIInterfaceOrientationPortrait UIInterfaceOrientationPortraitUpsideDown UIInterfaceOrientationLandscapeLeft UIInterfaceOrientationLandscapeRight";
				INFOPLIST_KEY_UISupportedInterfaceOrientations_iPhone = "UIInterfaceOrientationPortrait UIInterfaceOrientationLandscapeLeft UIInterfaceOrientationLandscapeRight";
				LD_RUNPATH_SEARCH_PATHS = (
					"$(inherited)",
					"@executable_path/Frameworks",
				);
				MARKETING_VERSION = 1.0;
				PRODUCT_BUNDLE_IDENTIFIER = "TyVaughan.M1-RockPaperScissors-2024";
				PRODUCT_NAME = "$(TARGET_NAME)";
				SWIFT_EMIT_LOC_STRINGS = YES;
				SWIFT_VERSION = 5.0;
				TARGETED_DEVICE_FAMILY = "1,2";
			};
			name = Debug;
		};
		C56F2A602B87B17A009C6871 /* Release */ = {
			isa = XCBuildConfiguration;
			buildSettings = {
				ASSETCATALOG_COMPILER_APPICON_NAME = AppIcon;
				ASSETCATALOG_COMPILER_GLOBAL_ACCENT_COLOR_NAME = AccentColor;
				CODE_SIGN_STYLE = Automatic;
				CURRENT_PROJECT_VERSION = 1;
				DEVELOPMENT_ASSET_PATHS = "\"M1_RockPaperScissors_2024/Preview Content\"";
				DEVELOPMENT_TEAM = KZWJGZQGWZ;
				ENABLE_PREVIEWS = YES;
				GENERATE_INFOPLIST_FILE = YES;
				INFOPLIST_KEY_UIApplicationSceneManifest_Generation = YES;
				INFOPLIST_KEY_UIApplicationSupportsIndirectInputEvents = YES;
				INFOPLIST_KEY_UILaunchScreen_Generation = YES;
				INFOPLIST_KEY_UISupportedInterfaceOrientations_iPad = "UIInterfaceOrientationPortrait UIInterfaceOrientationPortraitUpsideDown UIInterfaceOrientationLandscapeLeft UIInterfaceOrientationLandscapeRight";
				INFOPLIST_KEY_UISupportedInterfaceOrientations_iPhone = "UIInterfaceOrientationPortrait UIInterfaceOrientationLandscapeLeft UIInterfaceOrientationLandscapeRight";
				LD_RUNPATH_SEARCH_PATHS = (
					"$(inherited)",
					"@executable_path/Frameworks",
				);
				MARKETING_VERSION = 1.0;
				PRODUCT_BUNDLE_IDENTIFIER = "TyVaughan.M1-RockPaperScissors-2024";
				PRODUCT_NAME = "$(TARGET_NAME)";
				SWIFT_EMIT_LOC_STRINGS = YES;
				SWIFT_VERSION = 5.0;
				TARGETED_DEVICE_FAMILY = "1,2";
			};
			name = Release;
		};
/* End XCBuildConfiguration section */

/* Begin XCConfigurationList section */
		C56F2A4B2B87B179009C6871 /* Build configuration list for PBXProject "M1_RockPaperScissors_2024" */ = {
			isa = XCConfigurationList;
			buildConfigurations = (
				C56F2A5C2B87B17A009C6871 /* Debug */,
				C56F2A5D2B87B17A009C6871 /* Release */,
			);
			defaultConfigurationIsVisible = 0;
			defaultConfigurationName = Release;
		};
		C56F2A5E2B87B17A009C6871 /* Build configuration list for PBXNativeTarget "M1_RockPaperScissors_2024" */ = {
			isa = XCConfigurationList;
			buildConfigurations = (
				C56F2A5F2B87B17A009C6871 /* Debug */,
				C56F2A602B87B17A009C6871 /* Release */,
			);
			defaultConfigurationIsVisible = 0;
			defaultConfigurationName = Release;
		};
/* End XCConfigurationList section */
	};
	rootObject = C56F2A482B87B179009C6871 /* Project object */;
}
